// !$*UTF8*$!
{
	archiveVersion = 1;
	classes = {
	};
	objectVersion = 56;
	objects = {

/* Begin PBXBuildFile section */
		20535D132D5B916400E4904E /* AppDelegate.swift in Sources */ = {isa = PBXBuildFile; fileRef = 20535D122D5B916400E4904E /* AppDelegate.swift */; };
		20535D152D5B916400E4904E /* SceneDelegate.swift in Sources */ = {isa = PBXBuildFile; fileRef = 20535D142D5B916400E4904E /* SceneDelegate.swift */; };
		20535D172D5B916400E4904E /* ViewController.swift in Sources */ = {isa = PBXBuildFile; fileRef = 20535D162D5B916400E4904E /* ViewController.swift */; };
		20535D1A2D5B916400E4904E /* Base in Resources */ = {isa = PBXBuildFile; fileRef = 20535D192D5B916400E4904E /* Base */; };
		20535D1C2D5B916600E4904E /* Assets.xcassets in Resources */ = {isa = PBXBuildFile; fileRef = 20535D1B2D5B916600E4904E /* Assets.xcassets */; };
		20535D1F2D5B916600E4904E /* Base in Resources */ = {isa = PBXBuildFile; fileRef = 20535D1E2D5B916600E4904E /* Base */; };
		20535D2A2D5B916600E4904E /* BatonTests.swift in Sources */ = {isa = PBXBuildFile; fileRef = 20535D292D5B916600E4904E /* BatonTests.swift */; };
		20535D342D5B916600E4904E /* BatonUITests.swift in Sources */ = {isa = PBXBuildFile; fileRef = 20535D332D5B916600E4904E /* BatonUITests.swift */; };
		20535D362D5B916600E4904E /* BatonUITestsLaunchTests.swift in Sources */ = {isa = PBXBuildFile; fileRef = 20535D352D5B916600E4904E /* BatonUITestsLaunchTests.swift */; };
		20535D4B2D5B926000E4904E /* BasicButton.swift in Sources */ = {isa = PBXBuildFile; fileRef = 20535D4A2D5B926000E4904E /* BasicButton.swift */; };
		20535D4E2D60AED400E4904E /* HomeViewController.swift in Sources */ = {isa = PBXBuildFile; fileRef = 20535D4D2D60AED400E4904E /* HomeViewController.swift */; };
/* End PBXBuildFile section */

/* Begin PBXContainerItemProxy section */
		20535D262D5B916600E4904E /* PBXContainerItemProxy */ = {
			isa = PBXContainerItemProxy;
			containerPortal = 20535D072D5B916400E4904E /* Project object */;
			proxyType = 1;
			remoteGlobalIDString = 20535D0E2D5B916400E4904E;
			remoteInfo = Baton;
		};
		20535D302D5B916600E4904E /* PBXContainerItemProxy */ = {
			isa = PBXContainerItemProxy;
			containerPortal = 20535D072D5B916400E4904E /* Project object */;
			proxyType = 1;
			remoteGlobalIDString = 20535D0E2D5B916400E4904E;
			remoteInfo = Baton;
		};
/* End PBXContainerItemProxy section */

/* Begin PBXFileReference section */
		20535D0F2D5B916400E4904E /* Baton.app */ = {isa = PBXFileReference; explicitFileType = wrapper.application; includeInIndex = 0; path = Baton.app; sourceTree = BUILT_PRODUCTS_DIR; };
		20535D122D5B916400E4904E /* AppDelegate.swift */ = {isa = PBXFileReference; lastKnownFileType = sourcecode.swift; path = AppDelegate.swift; sourceTree = "<group>"; };
		20535D142D5B916400E4904E /* SceneDelegate.swift */ = {isa = PBXFileReference; lastKnownFileType = sourcecode.swift; path = SceneDelegate.swift; sourceTree = "<group>"; };
		20535D162D5B916400E4904E /* ViewController.swift */ = {isa = PBXFileReference; lastKnownFileType = sourcecode.swift; path = ViewController.swift; sourceTree = "<group>"; };
		20535D192D5B916400E4904E /* Base */ = {isa = PBXFileReference; lastKnownFileType = file.storyboard; name = Base; path = Base.lproj/Main.storyboard; sourceTree = "<group>"; };
		20535D1B2D5B916600E4904E /* Assets.xcassets */ = {isa = PBXFileReference; lastKnownFileType = folder.assetcatalog; path = Assets.xcassets; sourceTree = "<group>"; };
		20535D1E2D5B916600E4904E /* Base */ = {isa = PBXFileReference; lastKnownFileType = file.storyboard; name = Base; path = Base.lproj/LaunchScreen.storyboard; sourceTree = "<group>"; };
		20535D202D5B916600E4904E /* Info.plist */ = {isa = PBXFileReference; lastKnownFileType = text.plist.xml; path = Info.plist; sourceTree = "<group>"; };
		20535D252D5B916600E4904E /* BatonTests.xctest */ = {isa = PBXFileReference; explicitFileType = wrapper.cfbundle; includeInIndex = 0; path = BatonTests.xctest; sourceTree = BUILT_PRODUCTS_DIR; };
		20535D292D5B916600E4904E /* BatonTests.swift */ = {isa = PBXFileReference; lastKnownFileType = sourcecode.swift; path = BatonTests.swift; sourceTree = "<group>"; };
		20535D2F2D5B916600E4904E /* BatonUITests.xctest */ = {isa = PBXFileReference; explicitFileType = wrapper.cfbundle; includeInIndex = 0; path = BatonUITests.xctest; sourceTree = BUILT_PRODUCTS_DIR; };
		20535D332D5B916600E4904E /* BatonUITests.swift */ = {isa = PBXFileReference; lastKnownFileType = sourcecode.swift; path = BatonUITests.swift; sourceTree = "<group>"; };
		20535D352D5B916600E4904E /* BatonUITestsLaunchTests.swift */ = {isa = PBXFileReference; lastKnownFileType = sourcecode.swift; path = BatonUITestsLaunchTests.swift; sourceTree = "<group>"; };
		20535D4A2D5B926000E4904E /* BasicButton.swift */ = {isa = PBXFileReference; lastKnownFileType = sourcecode.swift; path = BasicButton.swift; sourceTree = "<group>"; };
		20535D4D2D60AED400E4904E /* HomeViewController.swift */ = {isa = PBXFileReference; lastKnownFileType = sourcecode.swift; path = HomeViewController.swift; sourceTree = "<group>"; };
/* End PBXFileReference section */

/* Begin PBXFrameworksBuildPhase section */
		20535D0C2D5B916400E4904E /* Frameworks */ = {
			isa = PBXFrameworksBuildPhase;
			buildActionMask = 2147483647;
			files = (
			);
			runOnlyForDeploymentPostprocessing = 0;
		};
		20535D222D5B916600E4904E /* Frameworks */ = {
			isa = PBXFrameworksBuildPhase;
			buildActionMask = 2147483647;
			files = (
			);
			runOnlyForDeploymentPostprocessing = 0;
		};
		20535D2C2D5B916600E4904E /* Frameworks */ = {
			isa = PBXFrameworksBuildPhase;
			buildActionMask = 2147483647;
			files = (
			);
			runOnlyForDeploymentPostprocessing = 0;
		};
/* End PBXFrameworksBuildPhase section */

/* Begin PBXGroup section */
		20535D062D5B916400E4904E = {
			isa = PBXGroup;
			children = (
				20535D112D5B916400E4904E /* Baton */,
				20535D282D5B916600E4904E /* BatonTests */,
				20535D322D5B916600E4904E /* BatonUITests */,
				20535D102D5B916400E4904E /* Products */,
			);
			sourceTree = "<group>";
		};
		20535D102D5B916400E4904E /* Products */ = {
			isa = PBXGroup;
			children = (
				20535D0F2D5B916400E4904E /* Baton.app */,
				20535D252D5B916600E4904E /* BatonTests.xctest */,
				20535D2F2D5B916600E4904E /* BatonUITests.xctest */,
			);
			name = Products;
			sourceTree = "<group>";
		};
		20535D112D5B916400E4904E /* Baton */ = {
			isa = PBXGroup;
			children = (
				20535D442D5B91CA00E4904E /* Presentation */,
				20535D162D5B916400E4904E /* ViewController.swift */,
				20535D122D5B916400E4904E /* AppDelegate.swift */,
				20535D142D5B916400E4904E /* SceneDelegate.swift */,
				20535D182D5B916400E4904E /* Main.storyboard */,
				20535D1B2D5B916600E4904E /* Assets.xcassets */,
				20535D1D2D5B916600E4904E /* LaunchScreen.storyboard */,
				20535D202D5B916600E4904E /* Info.plist */,
			);
			path = Baton;
			sourceTree = "<group>";
		};
		20535D282D5B916600E4904E /* BatonTests */ = {
			isa = PBXGroup;
			children = (
				20535D292D5B916600E4904E /* BatonTests.swift */,
			);
			path = BatonTests;
			sourceTree = "<group>";
		};
		20535D322D5B916600E4904E /* BatonUITests */ = {
			isa = PBXGroup;
			children = (
				20535D332D5B916600E4904E /* BatonUITests.swift */,
				20535D352D5B916600E4904E /* BatonUITestsLaunchTests.swift */,
			);
			path = BatonUITests;
			sourceTree = "<group>";
		};
		20535D442D5B91CA00E4904E /* Presentation */ = {
			isa = PBXGroup;
			children = (
				20535D472D5B922D00E4904E /* Common */,
				20535D4D2D60AED400E4904E /* HomeViewController.swift */,
			);
			path = Presentation;
			sourceTree = "<group>";
		};
		20535D472D5B922D00E4904E /* Common */ = {
			isa = PBXGroup;
			children = (
				20535D4C2D5B926900E4904E /* Components */,
			);
			path = Common;
			sourceTree = "<group>";
		};
		20535D4C2D5B926900E4904E /* Components */ = {
			isa = PBXGroup;
			children = (
				20535D4A2D5B926000E4904E /* BasicButton.swift */,
			);
			path = Components;
			sourceTree = "<group>";
		};
/* End PBXGroup section */

/* Begin PBXNativeTarget section */
		20535D0E2D5B916400E4904E /* Baton */ = {
			isa = PBXNativeTarget;
			buildConfigurationList = 20535D392D5B916600E4904E /* Build configuration list for PBXNativeTarget "Baton" */;
			buildPhases = (
				20535D0B2D5B916400E4904E /* Sources */,
				20535D0C2D5B916400E4904E /* Frameworks */,
				20535D0D2D5B916400E4904E /* Resources */,
			);
			buildRules = (
			);
			dependencies = (
			);
			name = Baton;
			productName = Baton;
			productReference = 20535D0F2D5B916400E4904E /* Baton.app */;
			productType = "com.apple.product-type.application";
		};
		20535D242D5B916600E4904E /* BatonTests */ = {
			isa = PBXNativeTarget;
			buildConfigurationList = 20535D3C2D5B916600E4904E /* Build configuration list for PBXNativeTarget "BatonTests" */;
			buildPhases = (
				20535D212D5B916600E4904E /* Sources */,
				20535D222D5B916600E4904E /* Frameworks */,
				20535D232D5B916600E4904E /* Resources */,
			);
			buildRules = (
			);
			dependencies = (
				20535D272D5B916600E4904E /* PBXTargetDependency */,
			);
			name = BatonTests;
			productName = BatonTests;
			productReference = 20535D252D5B916600E4904E /* BatonTests.xctest */;
			productType = "com.apple.product-type.bundle.unit-test";
		};
		20535D2E2D5B916600E4904E /* BatonUITests */ = {
			isa = PBXNativeTarget;
			buildConfigurationList = 20535D3F2D5B916600E4904E /* Build configuration list for PBXNativeTarget "BatonUITests" */;
			buildPhases = (
				20535D2B2D5B916600E4904E /* Sources */,
				20535D2C2D5B916600E4904E /* Frameworks */,
				20535D2D2D5B916600E4904E /* Resources */,
			);
			buildRules = (
			);
			dependencies = (
				20535D312D5B916600E4904E /* PBXTargetDependency */,
			);
			name = BatonUITests;
			productName = BatonUITests;
			productReference = 20535D2F2D5B916600E4904E /* BatonUITests.xctest */;
			productType = "com.apple.product-type.bundle.ui-testing";
		};
/* End PBXNativeTarget section */

/* Begin PBXProject section */
		20535D072D5B916400E4904E /* Project object */ = {
			isa = PBXProject;
			attributes = {
				BuildIndependentTargetsInParallel = 1;
				LastSwiftUpdateCheck = 1540;
				LastUpgradeCheck = 1540;
				TargetAttributes = {
					20535D0E2D5B916400E4904E = {
						CreatedOnToolsVersion = 15.4;
					};
					20535D242D5B916600E4904E = {
						CreatedOnToolsVersion = 15.4;
						TestTargetID = 20535D0E2D5B916400E4904E;
					};
					20535D2E2D5B916600E4904E = {
						CreatedOnToolsVersion = 15.4;
						TestTargetID = 20535D0E2D5B916400E4904E;
					};
				};
			};
			buildConfigurationList = 20535D0A2D5B916400E4904E /* Build configuration list for PBXProject "Baton" */;
			compatibilityVersion = "Xcode 14.0";
			developmentRegion = en;
			hasScannedForEncodings = 0;
			knownRegions = (
				en,
				Base,
			);
			mainGroup = 20535D062D5B916400E4904E;
			productRefGroup = 20535D102D5B916400E4904E /* Products */;
			projectDirPath = "";
			projectRoot = "";
			targets = (
				20535D0E2D5B916400E4904E /* Baton */,
				20535D242D5B916600E4904E /* BatonTests */,
				20535D2E2D5B916600E4904E /* BatonUITests */,
			);
		};
/* End PBXProject section */

/* Begin PBXResourcesBuildPhase section */
		20535D0D2D5B916400E4904E /* Resources */ = {
			isa = PBXResourcesBuildPhase;
			buildActionMask = 2147483647;
			files = (
				20535D1C2D5B916600E4904E /* Assets.xcassets in Resources */,
				20535D1F2D5B916600E4904E /* Base in Resources */,
				20535D1A2D5B916400E4904E /* Base in Resources */,
			);
			runOnlyForDeploymentPostprocessing = 0;
		};
		20535D232D5B916600E4904E /* Resources */ = {
			isa = PBXResourcesBuildPhase;
			buildActionMask = 2147483647;
			files = (
			);
			runOnlyForDeploymentPostprocessing = 0;
		};
		20535D2D2D5B916600E4904E /* Resources */ = {
			isa = PBXResourcesBuildPhase;
			buildActionMask = 2147483647;
			files = (
			);
			runOnlyForDeploymentPostprocessing = 0;
		};
/* End PBXResourcesBuildPhase section */

/* Begin PBXSourcesBuildPhase section */
		20535D0B2D5B916400E4904E /* Sources */ = {
			isa = PBXSourcesBuildPhase;
			buildActionMask = 2147483647;
			files = (
				20535D4E2D60AED400E4904E /* HomeViewController.swift in Sources */,
				20535D172D5B916400E4904E /* ViewController.swift in Sources */,
				20535D132D5B916400E4904E /* AppDelegate.swift in Sources */,
				20535D4B2D5B926000E4904E /* BasicButton.swift in Sources */,
				20535D152D5B916400E4904E /* SceneDelegate.swift in Sources */,
			);
			runOnlyForDeploymentPostprocessing = 0;
		};
		20535D212D5B916600E4904E /* Sources */ = {
			isa = PBXSourcesBuildPhase;
			buildActionMask = 2147483647;
			files = (
				20535D2A2D5B916600E4904E /* BatonTests.swift in Sources */,
			);
			runOnlyForDeploymentPostprocessing = 0;
		};
		20535D2B2D5B916600E4904E /* Sources */ = {
			isa = PBXSourcesBuildPhase;
			buildActionMask = 2147483647;
			files = (
				20535D342D5B916600E4904E /* BatonUITests.swift in Sources */,
				20535D362D5B916600E4904E /* BatonUITestsLaunchTests.swift in Sources */,
			);
			runOnlyForDeploymentPostprocessing = 0;
		};
/* End PBXSourcesBuildPhase section */

/* Begin PBXTargetDependency section */
		20535D272D5B916600E4904E /* PBXTargetDependency */ = {
			isa = PBXTargetDependency;
			target = 20535D0E2D5B916400E4904E /* Baton */;
			targetProxy = 20535D262D5B916600E4904E /* PBXContainerItemProxy */;
		};
		20535D312D5B916600E4904E /* PBXTargetDependency */ = {
			isa = PBXTargetDependency;
			target = 20535D0E2D5B916400E4904E /* Baton */;
			targetProxy = 20535D302D5B916600E4904E /* PBXContainerItemProxy */;
		};
/* End PBXTargetDependency section */

/* Begin PBXVariantGroup section */
		20535D182D5B916400E4904E /* Main.storyboard */ = {
			isa = PBXVariantGroup;
			children = (
				20535D192D5B916400E4904E /* Base */,
			);
			name = Main.storyboard;
			sourceTree = "<group>";
		};
		20535D1D2D5B916600E4904E /* LaunchScreen.storyboard */ = {
			isa = PBXVariantGroup;
			children = (
				20535D1E2D5B916600E4904E /* Base */,
			);
			name = LaunchScreen.storyboard;
			sourceTree = "<group>";
		};
/* End PBXVariantGroup section */

/* Begin XCBuildConfiguration section */
		20535D372D5B916600E4904E /* Debug */ = {
			isa = XCBuildConfiguration;
			buildSettings = {
				ALWAYS_SEARCH_USER_PATHS = NO;
				ASSETCATALOG_COMPILER_GENERATE_SWIFT_ASSET_SYMBOL_EXTENSIONS = YES;
				CLANG_ANALYZER_NONNULL = YES;
				CLANG_ANALYZER_NUMBER_OBJECT_CONVERSION = YES_AGGRESSIVE;
				CLANG_CXX_LANGUAGE_STANDARD = "gnu++20";
				CLANG_ENABLE_MODULES = YES;
				CLANG_ENABLE_OBJC_ARC = YES;
				CLANG_ENABLE_OBJC_WEAK = YES;
				CLANG_WARN_BLOCK_CAPTURE_AUTORELEASING = YES;
				CLANG_WARN_BOOL_CONVERSION = YES;
				CLANG_WARN_COMMA = YES;
				CLANG_WARN_CONSTANT_CONVERSION = YES;
				CLANG_WARN_DEPRECATED_OBJC_IMPLEMENTATIONS = YES;
				CLANG_WARN_DIRECT_OBJC_ISA_USAGE = YES_ERROR;
				CLANG_WARN_DOCUMENTATION_COMMENTS = YES;
				CLANG_WARN_EMPTY_BODY = YES;
				CLANG_WARN_ENUM_CONVERSION = YES;
				CLANG_WARN_INFINITE_RECURSION = YES;
				CLANG_WARN_INT_CONVERSION = YES;
				CLANG_WARN_NON_LITERAL_NULL_CONVERSION = YES;
				CLANG_WARN_OBJC_IMPLICIT_RETAIN_SELF = YES;
				CLANG_WARN_OBJC_LITERAL_CONVERSION = YES;
				CLANG_WARN_OBJC_ROOT_CLASS = YES_ERROR;
				CLANG_WARN_QUOTED_INCLUDE_IN_FRAMEWORK_HEADER = YES;
				CLANG_WARN_RANGE_LOOP_ANALYSIS = YES;
				CLANG_WARN_STRICT_PROTOTYPES = YES;
				CLANG_WARN_SUSPICIOUS_MOVE = YES;
				CLANG_WARN_UNGUARDED_AVAILABILITY = YES_AGGRESSIVE;
				CLANG_WARN_UNREACHABLE_CODE = YES;
				CLANG_WARN__DUPLICATE_METHOD_MATCH = YES;
				COPY_PHASE_STRIP = NO;
				DEBUG_INFORMATION_FORMAT = dwarf;
				ENABLE_STRICT_OBJC_MSGSEND = YES;
				ENABLE_TESTABILITY = YES;
				ENABLE_USER_SCRIPT_SANDBOXING = YES;
				GCC_C_LANGUAGE_STANDARD = gnu17;
				GCC_DYNAMIC_NO_PIC = NO;
				GCC_NO_COMMON_BLOCKS = YES;
				GCC_OPTIMIZATION_LEVEL = 0;
				GCC_PREPROCESSOR_DEFINITIONS = (
					"DEBUG=1",
					"$(inherited)",
				);
				GCC_WARN_64_TO_32_BIT_CONVERSION = YES;
				GCC_WARN_ABOUT_RETURN_TYPE = YES_ERROR;
				GCC_WARN_UNDECLARED_SELECTOR = YES;
				GCC_WARN_UNINITIALIZED_AUTOS = YES_AGGRESSIVE;
				GCC_WARN_UNUSED_FUNCTION = YES;
				GCC_WARN_UNUSED_VARIABLE = YES;
				IPHONEOS_DEPLOYMENT_TARGET = 17.5;
				LOCALIZATION_PREFERS_STRING_CATALOGS = YES;
				MTL_ENABLE_DEBUG_INFO = INCLUDE_SOURCE;
				MTL_FAST_MATH = YES;
				ONLY_ACTIVE_ARCH = YES;
				SDKROOT = iphoneos;
				SWIFT_ACTIVE_COMPILATION_CONDITIONS = "DEBUG $(inherited)";
				SWIFT_OPTIMIZATION_LEVEL = "-Onone";
			};
			name = Debug;
		};
		20535D382D5B916600E4904E /* Release */ = {
			isa = XCBuildConfiguration;
			buildSettings = {
				ALWAYS_SEARCH_USER_PATHS = NO;
				ASSETCATALOG_COMPILER_GENERATE_SWIFT_ASSET_SYMBOL_EXTENSIONS = YES;
				CLANG_ANALYZER_NONNULL = YES;
				CLANG_ANALYZER_NUMBER_OBJECT_CONVERSION = YES_AGGRESSIVE;
				CLANG_CXX_LANGUAGE_STANDARD = "gnu++20";
				CLANG_ENABLE_MODULES = YES;
				CLANG_ENABLE_OBJC_ARC = YES;
				CLANG_ENABLE_OBJC_WEAK = YES;
				CLANG_WARN_BLOCK_CAPTURE_AUTORELEASING = YES;
				CLANG_WARN_BOOL_CONVERSION = YES;
				CLANG_WARN_COMMA = YES;
				CLANG_WARN_CONSTANT_CONVERSION = YES;
				CLANG_WARN_DEPRECATED_OBJC_IMPLEMENTATIONS = YES;
				CLANG_WARN_DIRECT_OBJC_ISA_USAGE = YES_ERROR;
				CLANG_WARN_DOCUMENTATION_COMMENTS = YES;
				CLANG_WARN_EMPTY_BODY = YES;
				CLANG_WARN_ENUM_CONVERSION = YES;
				CLANG_WARN_INFINITE_RECURSION = YES;
				CLANG_WARN_INT_CONVERSION = YES;
				CLANG_WARN_NON_LITERAL_NULL_CONVERSION = YES;
				CLANG_WARN_OBJC_IMPLICIT_RETAIN_SELF = YES;
				CLANG_WARN_OBJC_LITERAL_CONVERSION = YES;
				CLANG_WARN_OBJC_ROOT_CLASS = YES_ERROR;
				CLANG_WARN_QUOTED_INCLUDE_IN_FRAMEWORK_HEADER = YES;
				CLANG_WARN_RANGE_LOOP_ANALYSIS = YES;
				CLANG_WARN_STRICT_PROTOTYPES = YES;
				CLANG_WARN_SUSPICIOUS_MOVE = YES;
				CLANG_WARN_UNGUARDED_AVAILABILITY = YES_AGGRESSIVE;
				CLANG_WARN_UNREACHABLE_CODE = YES;
				CLANG_WARN__DUPLICATE_METHOD_MATCH = YES;
				COPY_PHASE_STRIP = NO;
				DEBUG_INFORMATION_FORMAT = "dwarf-with-dsym";
				ENABLE_NS_ASSERTIONS = NO;
				ENABLE_STRICT_OBJC_MSGSEND = YES;
				ENABLE_USER_SCRIPT_SANDBOXING = YES;
				GCC_C_LANGUAGE_STANDARD = gnu17;
				GCC_NO_COMMON_BLOCKS = YES;
				GCC_WARN_64_TO_32_BIT_CONVERSION = YES;
				GCC_WARN_ABOUT_RETURN_TYPE = YES_ERROR;
				GCC_WARN_UNDECLARED_SELECTOR = YES;
				GCC_WARN_UNINITIALIZED_AUTOS = YES_AGGRESSIVE;
				GCC_WARN_UNUSED_FUNCTION = YES;
				GCC_WARN_UNUSED_VARIABLE = YES;
				IPHONEOS_DEPLOYMENT_TARGET = 17.5;
				LOCALIZATION_PREFERS_STRING_CATALOGS = YES;
				MTL_ENABLE_DEBUG_INFO = NO;
				MTL_FAST_MATH = YES;
				SDKROOT = iphoneos;
				SWIFT_COMPILATION_MODE = wholemodule;
				VALIDATE_PRODUCT = YES;
			};
			name = Release;
		};
		20535D3A2D5B916600E4904E /* Debug */ = {
			isa = XCBuildConfiguration;
			buildSettings = {
				ASSETCATALOG_COMPILER_APPICON_NAME = AppIcon;
				ASSETCATALOG_COMPILER_GLOBAL_ACCENT_COLOR_NAME = AccentColor;
				CODE_SIGN_STYLE = Automatic;
				CURRENT_PROJECT_VERSION = 1;
				DEVELOPMENT_TEAM = 4ND496J48G;
				GENERATE_INFOPLIST_FILE = YES;
				INFOPLIST_FILE = Baton/Info.plist;
				INFOPLIST_KEY_UIApplicationSupportsIndirectInputEvents = YES;
				INFOPLIST_KEY_UILaunchStoryboardName = LaunchScreen;
				INFOPLIST_KEY_UIMainStoryboardFile = Main;
				INFOPLIST_KEY_UISupportedInterfaceOrientations_iPad = "UIInterfaceOrientationPortrait UIInterfaceOrientationPortraitUpsideDown UIInterfaceOrientationLandscapeLeft UIInterfaceOrientationLandscapeRight";
				INFOPLIST_KEY_UISupportedInterfaceOrientations_iPhone = "UIInterfaceOrientationPortrait UIInterfaceOrientationLandscapeLeft UIInterfaceOrientationLandscapeRight";
				LD_RUNPATH_SEARCH_PATHS = (
					"$(inherited)",
					"@executable_path/Frameworks",
				);
				MARKETING_VERSION = 1.0;
				PRODUCT_BUNDLE_IDENTIFIER = pky.Baton;
				PRODUCT_NAME = "$(TARGET_NAME)";
				SWIFT_EMIT_LOC_STRINGS = YES;
				SWIFT_VERSION = 5.0;
				TARGETED_DEVICE_FAMILY = "1,2";
			};
			name = Debug;
		};
		20535D3B2D5B916600E4904E /* Release */ = {
			isa = XCBuildConfiguration;
			buildSettings = {
				ASSETCATALOG_COMPILER_APPICON_NAME = AppIcon;
				ASSETCATALOG_COMPILER_GLOBAL_ACCENT_COLOR_NAME = AccentColor;
				CODE_SIGN_STYLE = Automatic;
				CURRENT_PROJECT_VERSION = 1;
				DEVELOPMENT_TEAM = 4ND496J48G;
				GENERATE_INFOPLIST_FILE = YES;
				INFOPLIST_FILE = Baton/Info.plist;
				INFOPLIST_KEY_UIApplicationSupportsIndirectInputEvents = YES;
				INFOPLIST_KEY_UILaunchStoryboardName = LaunchScreen;
				INFOPLIST_KEY_UIMainStoryboardFile = Main;
				INFOPLIST_KEY_UISupportedInterfaceOrientations_iPad = "UIInterfaceOrientationPortrait UIInterfaceOrientationPortraitUpsideDown UIInterfaceOrientationLandscapeLeft UIInterfaceOrientationLandscapeRight";
				INFOPLIST_KEY_UISupportedInterfaceOrientations_iPhone = "UIInterfaceOrientationPortrait UIInterfaceOrientationLandscapeLeft UIInterfaceOrientationLandscapeRight";
				LD_RUNPATH_SEARCH_PATHS = (
					"$(inherited)",
					"@executable_path/Frameworks",
				);
				MARKETING_VERSION = 1.0;
				PRODUCT_BUNDLE_IDENTIFIER = pky.Baton;
				PRODUCT_NAME = "$(TARGET_NAME)";
				SWIFT_EMIT_LOC_STRINGS = YES;
				SWIFT_VERSION = 5.0;
				TARGETED_DEVICE_FAMILY = "1,2";
			};
			name = Release;
		};
		20535D3D2D5B916600E4904E /* Debug */ = {
			isa = XCBuildConfiguration;
			buildSettings = {
				ALWAYS_EMBED_SWIFT_STANDARD_LIBRARIES = YES;
				BUNDLE_LOADER = "$(TEST_HOST)";
				CODE_SIGN_STYLE = Automatic;
				CURRENT_PROJECT_VERSION = 1;
				DEVELOPMENT_TEAM = 4ND496J48G;
				GENERATE_INFOPLIST_FILE = YES;
				IPHONEOS_DEPLOYMENT_TARGET = 17.5;
				MARKETING_VERSION = 1.0;
				PRODUCT_BUNDLE_IDENTIFIER = pky.BatonTests;
				PRODUCT_NAME = "$(TARGET_NAME)";
				SWIFT_EMIT_LOC_STRINGS = NO;
				SWIFT_VERSION = 5.0;
				TARGETED_DEVICE_FAMILY = "1,2";
				TEST_HOST = "$(BUILT_PRODUCTS_DIR)/Baton.app/$(BUNDLE_EXECUTABLE_FOLDER_PATH)/Baton";
			};
			name = Debug;
		};
		20535D3E2D5B916600E4904E /* Release */ = {
			isa = XCBuildConfiguration;
			buildSettings = {
				ALWAYS_EMBED_SWIFT_STANDARD_LIBRARIES = YES;
				BUNDLE_LOADER = "$(TEST_HOST)";
				CODE_SIGN_STYLE = Automatic;
				CURRENT_PROJECT_VERSION = 1;
				DEVELOPMENT_TEAM = 4ND496J48G;
				GENERATE_INFOPLIST_FILE = YES;
				IPHONEOS_DEPLOYMENT_TARGET = 17.5;
				MARKETING_VERSION = 1.0;
				PRODUCT_BUNDLE_IDENTIFIER = pky.BatonTests;
				PRODUCT_NAME = "$(TARGET_NAME)";
				SWIFT_EMIT_LOC_STRINGS = NO;
				SWIFT_VERSION = 5.0;
				TARGETED_DEVICE_FAMILY = "1,2";
				TEST_HOST = "$(BUILT_PRODUCTS_DIR)/Baton.app/$(BUNDLE_EXECUTABLE_FOLDER_PATH)/Baton";
			};
			name = Release;
		};
		20535D402D5B916600E4904E /* Debug */ = {
			isa = XCBuildConfiguration;
			buildSettings = {
				ALWAYS_EMBED_SWIFT_STANDARD_LIBRARIES = YES;
				CODE_SIGN_STYLE = Automatic;
				CURRENT_PROJECT_VERSION = 1;
				DEVELOPMENT_TEAM = 4ND496J48G;
				GENERATE_INFOPLIST_FILE = YES;
				MARKETING_VERSION = 1.0;
				PRODUCT_BUNDLE_IDENTIFIER = pky.BatonUITests;
				PRODUCT_NAME = "$(TARGET_NAME)";
				SWIFT_EMIT_LOC_STRINGS = NO;
				SWIFT_VERSION = 5.0;
				TARGETED_DEVICE_FAMILY = "1,2";
				TEST_TARGET_NAME = Baton;
			};
			name = Debug;
		};
		20535D412D5B916600E4904E /* Release */ = {
			isa = XCBuildConfiguration;
			buildSettings = {
				ALWAYS_EMBED_SWIFT_STANDARD_LIBRARIES = YES;
				CODE_SIGN_STYLE = Automatic;
				CURRENT_PROJECT_VERSION = 1;
				DEVELOPMENT_TEAM = 4ND496J48G;
				GENERATE_INFOPLIST_FILE = YES;
				MARKETING_VERSION = 1.0;
				PRODUCT_BUNDLE_IDENTIFIER = pky.BatonUITests;
				PRODUCT_NAME = "$(TARGET_NAME)";
				SWIFT_EMIT_LOC_STRINGS = NO;
				SWIFT_VERSION = 5.0;
				TARGETED_DEVICE_FAMILY = "1,2";
				TEST_TARGET_NAME = Baton;
			};
			name = Release;
		};
/* End XCBuildConfiguration section */

/* Begin XCConfigurationList section */
		20535D0A2D5B916400E4904E /* Build configuration list for PBXProject "Baton" */ = {
			isa = XCConfigurationList;
			buildConfigurations = (
				20535D372D5B916600E4904E /* Debug */,
				20535D382D5B916600E4904E /* Release */,
			);
			defaultConfigurationIsVisible = 0;
			defaultConfigurationName = Release;
		};
		20535D392D5B916600E4904E /* Build configuration list for PBXNativeTarget "Baton" */ = {
			isa = XCConfigurationList;
			buildConfigurations = (
				20535D3A2D5B916600E4904E /* Debug */,
				20535D3B2D5B916600E4904E /* Release */,
			);
			defaultConfigurationIsVisible = 0;
			defaultConfigurationName = Release;
		};
		20535D3C2D5B916600E4904E /* Build configuration list for PBXNativeTarget "BatonTests" */ = {
			isa = XCConfigurationList;
			buildConfigurations = (
				20535D3D2D5B916600E4904E /* Debug */,
				20535D3E2D5B916600E4904E /* Release */,
			);
			defaultConfigurationIsVisible = 0;
			defaultConfigurationName = Release;
		};
		20535D3F2D5B916600E4904E /* Build configuration list for PBXNativeTarget "BatonUITests" */ = {
			isa = XCConfigurationList;
			buildConfigurations = (
				20535D402D5B916600E4904E /* Debug */,
				20535D412D5B916600E4904E /* Release */,
			);
			defaultConfigurationIsVisible = 0;
			defaultConfigurationName = Release;
		};
/* End XCConfigurationList section */
	};
	rootObject = 20535D072D5B916400E4904E /* Project object */;
}
