// !$*UTF8*$!
{
	archiveVersion = 1;
	classes = {
	};
	objectVersion = 56;
	objects = {

/* Begin PBXBuildFile section */
		20535D132D5B916400E4904E /* AppDelegate.swift in Sources */ = {isa = PBXBuildFile; fileRef = 20535D122D5B916400E4904E /* AppDelegate.swift */; };
		20535D152D5B916400E4904E /* SceneDelegate.swift in Sources */ = {isa = PBXBuildFile; fileRef = 20535D142D5B916400E4904E /* SceneDelegate.swift */; };
		20535D172D5B916400E4904E /* BaseViewController.swift in Sources */ = {isa = PBXBuildFile; fileRef = 20535D162D5B916400E4904E /* BaseViewController.swift */; };
		20535D1A2D5B916400E4904E /* Base in Resources */ = {isa = PBXBuildFile; fileRef = 20535D192D5B916400E4904E /* Base */; };
		20535D1C2D5B916600E4904E /* Assets.xcassets in Resources */ = {isa = PBXBuildFile; fileRef = 20535D1B2D5B916600E4904E /* Assets.xcassets */; };
		20535D1F2D5B916600E4904E /* Base in Resources */ = {isa = PBXBuildFile; fileRef = 20535D1E2D5B916600E4904E /* Base */; };
		20535D2A2D5B916600E4904E /* BatonTests.swift in Sources */ = {isa = PBXBuildFile; fileRef = 20535D292D5B916600E4904E /* BatonTests.swift */; };
		20535D342D5B916600E4904E /* BatonUITests.swift in Sources */ = {isa = PBXBuildFile; fileRef = 20535D332D5B916600E4904E /* BatonUITests.swift */; };
		20535D362D5B916600E4904E /* BatonUITestsLaunchTests.swift in Sources */ = {isa = PBXBuildFile; fileRef = 20535D352D5B916600E4904E /* BatonUITestsLaunchTests.swift */; };
		20535D4B2D5B926000E4904E /* BasicButton.swift in Sources */ = {isa = PBXBuildFile; fileRef = 20535D4A2D5B926000E4904E /* BasicButton.swift */; };
		20535D4E2D60AED400E4904E /* HomeViewController.swift in Sources */ = {isa = PBXBuildFile; fileRef = 20535D4D2D60AED400E4904E /* HomeViewController.swift */; };
		20535D502D60B55A00E4904E /* UIFont+DesignSystem.swift in Sources */ = {isa = PBXBuildFile; fileRef = 20535D4F2D60B55A00E4904E /* UIFont+DesignSystem.swift */; };
		20535D5E2D60C32B00E4904E /* UILabel+DesignSystem.swift in Sources */ = {isa = PBXBuildFile; fileRef = 20535D5D2D60C32B00E4904E /* UILabel+DesignSystem.swift */; };
		20535D612D60C40800E4904E /* UIButton+DesignSystem.swift in Sources */ = {isa = PBXBuildFile; fileRef = 20535D602D60C40800E4904E /* UIButton+DesignSystem.swift */; };
		20535D652D60C77500E4904E /* CornerRadius.swift in Sources */ = {isa = PBXBuildFile; fileRef = 20535D642D60C77500E4904E /* CornerRadius.swift */; };
		20535D672D60C7A200E4904E /* Spacing.swift in Sources */ = {isa = PBXBuildFile; fileRef = 20535D662D60C7A200E4904E /* Spacing.swift */; };
		20535D692D60C80300E4904E /* ButtonSize.swift in Sources */ = {isa = PBXBuildFile; fileRef = 20535D682D60C80300E4904E /* ButtonSize.swift */; };
		20535D6B2D60D5C700E4904E /* PartnerRegistrationViewController.swift in Sources */ = {isa = PBXBuildFile; fileRef = 20535D6A2D60D5C700E4904E /* PartnerRegistrationViewController.swift */; };
		20535D732D60DDE700E4904E /* BaseContent.swift in Sources */ = {isa = PBXBuildFile; fileRef = 20535D722D60DDE700E4904E /* BaseContent.swift */; };
		20535D792D60ED7700E4904E /* CheckProfileView.swift in Sources */ = {isa = PBXBuildFile; fileRef = 20535D782D60ED7700E4904E /* CheckProfileView.swift */; };
		20535D7B2D60EDBC00E4904E /* EmployeeStatusView.swift in Sources */ = {isa = PBXBuildFile; fileRef = 20535D7A2D60EDBC00E4904E /* EmployeeStatusView.swift */; };
		20535D7D2D60EEDE00E4904E /* JobInfoView.swift in Sources */ = {isa = PBXBuildFile; fileRef = 20535D7C2D60EEDE00E4904E /* JobInfoView.swift */; };
		20535D7F2D60EEEA00E4904E /* ChatScheduleView.swift in Sources */ = {isa = PBXBuildFile; fileRef = 20535D7E2D60EEEA00E4904E /* ChatScheduleView.swift */; };
		20535D812D60EEF900E4904E /* SelfIntroductionView.swift in Sources */ = {isa = PBXBuildFile; fileRef = 20535D802D60EEF900E4904E /* SelfIntroductionView.swift */; };
		20535D832D60EF8A00E4904E /* PartnerRegistrationViewModel.swift in Sources */ = {isa = PBXBuildFile; fileRef = 20535D822D60EF8A00E4904E /* PartnerRegistrationViewModel.swift */; };
		20535D842D60FD7800E4904E /* Pretendard-Black.otf in Resources */ = {isa = PBXBuildFile; fileRef = 20535D562D60C08400E4904E /* Pretendard-Black.otf */; };
		20535D852D60FD7C00E4904E /* Pretendard-ExtraBold.otf in Resources */ = {isa = PBXBuildFile; fileRef = 20535D582D60C08400E4904E /* Pretendard-ExtraBold.otf */; };
		20535D862D60FD7C00E4904E /* Pretendard-Thin.otf in Resources */ = {isa = PBXBuildFile; fileRef = 20535D5B2D60C14F00E4904E /* Pretendard-Thin.otf */; };
		20535D872D60FD7C00E4904E /* Pretendard-SemiBold.otf in Resources */ = {isa = PBXBuildFile; fileRef = 20535D5A2D60C08500E4904E /* Pretendard-SemiBold.otf */; };
		20535D882D60FD7C00E4904E /* Pretendard-Bold.otf in Resources */ = {isa = PBXBuildFile; fileRef = 20535D592D60C08400E4904E /* Pretendard-Bold.otf */; };
		20535D892D60FD7C00E4904E /* Pretendard-Medium.otf in Resources */ = {isa = PBXBuildFile; fileRef = 20535D532D60C08400E4904E /* Pretendard-Medium.otf */; };
		20535D8A2D60FD7C00E4904E /* Pretendard-Light.otf in Resources */ = {isa = PBXBuildFile; fileRef = 20535D552D60C08400E4904E /* Pretendard-Light.otf */; };
		20535D8B2D60FD7C00E4904E /* Pretendard-Regular.otf in Resources */ = {isa = PBXBuildFile; fileRef = 20535D572D60C08400E4904E /* Pretendard-Regular.otf */; };
		20535D8C2D60FD7C00E4904E /* Pretendard-ExtraLight.otf in Resources */ = {isa = PBXBuildFile; fileRef = 20535D542D60C08400E4904E /* Pretendard-ExtraLight.otf */; };
		20535D8E2D61040F00E4904E /* SelectionButton.swift in Sources */ = {isa = PBXBuildFile; fileRef = 20535D8D2D61040F00E4904E /* SelectionButton.swift */; };
		20535D902D61042F00E4904E /* SelectionModal.swift in Sources */ = {isa = PBXBuildFile; fileRef = 20535D8F2D61042F00E4904E /* SelectionModal.swift */; };
		20535D922D6104C700E4904E /* UIView+Extensions.swift in Sources */ = {isa = PBXBuildFile; fileRef = 20535D912D6104C700E4904E /* UIView+Extensions.swift */; };
		20BCD0DC2D611EE4000213AF /* SelectionTitleLabel.swift in Sources */ = {isa = PBXBuildFile; fileRef = 20BCD0DB2D611EE4000213AF /* SelectionTitleLabel.swift */; };
		20BCD0E22D6126FA000213AF /* BasicTextField.swift in Sources */ = {isa = PBXBuildFile; fileRef = 20BCD0E12D6126FA000213AF /* BasicTextField.swift */; };
		20BCD0E42D612B5E000213AF /* JobCategory.swift in Sources */ = {isa = PBXBuildFile; fileRef = 20BCD0E32D612B5E000213AF /* JobCategory.swift */; };
		20BCD0E62D612BEF000213AF /* ExperienceYears.swift in Sources */ = {isa = PBXBuildFile; fileRef = 20BCD0E52D612BEF000213AF /* ExperienceYears.swift */; };
		20BCD0ED2D61DEE4000213AF /* BaseTextView.swift in Sources */ = {isa = PBXBuildFile; fileRef = 20BCD0EC2D61DEE4000213AF /* BaseTextView.swift */; };
		20BCD0EF2D6240FB000213AF /* SuccessViewController.swift in Sources */ = {isa = PBXBuildFile; fileRef = 20BCD0EE2D6240FB000213AF /* SuccessViewController.swift */; };
		20BCD0F12D67655E000213AF /* ModalHeaderView.swift in Sources */ = {isa = PBXBuildFile; fileRef = 20BCD0F02D67655E000213AF /* ModalHeaderView.swift */; };
		20BCD0F32D67711D000213AF /* ScheduleSelectionModal.swift in Sources */ = {isa = PBXBuildFile; fileRef = 20BCD0F22D67711D000213AF /* ScheduleSelectionModal.swift */; };
		20BCD0F52D688C52000213AF /* MulitSelectButton.swift in Sources */ = {isa = PBXBuildFile; fileRef = 20BCD0F42D688C52000213AF /* MulitSelectButton.swift */; };
		20BCD0F72D68906C000213AF /* ScheduleSelectionModalViewModel.swift in Sources */ = {isa = PBXBuildFile; fileRef = 20BCD0F62D68906C000213AF /* ScheduleSelectionModalViewModel.swift */; };
		20BCD0FA2D68BB05000213AF /* CustomTimePickerButton.swift in Sources */ = {isa = PBXBuildFile; fileRef = 20BCD0F92D68BB05000213AF /* CustomTimePickerButton.swift */; };
		20CFB60B2D68D0F300614104 /* ModalTransitioningDelegate.swift in Sources */ = {isa = PBXBuildFile; fileRef = 20CFB60A2D68D0F300614104 /* ModalTransitioningDelegate.swift */; };
		20CFB60D2D6B509500614104 /* BatonTabBarController.swift in Sources */ = {isa = PBXBuildFile; fileRef = 20CFB60C2D6B509500614104 /* BatonTabBarController.swift */; };
		20CFB60F2D6B50E800614104 /* BatonTabBar.swift in Sources */ = {isa = PBXBuildFile; fileRef = 20CFB60E2D6B50E800614104 /* BatonTabBar.swift */; };
		20CFB6112D6C8AE400614104 /* MyPageViewController.swift in Sources */ = {isa = PBXBuildFile; fileRef = 20CFB6102D6C8AE400614104 /* MyPageViewController.swift */; };
		20CFB6132D6C8B6C00614104 /* MyBatonViewController.swift in Sources */ = {isa = PBXBuildFile; fileRef = 20CFB6122D6C8B6C00614104 /* MyBatonViewController.swift */; };
		20CFB6152D6CA7AD00614104 /* UIViewController.swift in Sources */ = {isa = PBXBuildFile; fileRef = 20CFB6142D6CA7AD00614104 /* UIViewController.swift */; };
		20CFB6172D6CB2DB00614104 /* BatonTimeView.swift in Sources */ = {isa = PBXBuildFile; fileRef = 20CFB6162D6CB2DB00614104 /* BatonTimeView.swift */; };
		20CFB6192D6CB94900614104 /* BatonProfileView.swift in Sources */ = {isa = PBXBuildFile; fileRef = 20CFB6182D6CB94900614104 /* BatonProfileView.swift */; };
		20CFB61B2D6CBF1000614104 /* BatonTag.swift in Sources */ = {isa = PBXBuildFile; fileRef = 20CFB61A2D6CBF1000614104 /* BatonTag.swift */; };
		20CFB61F2D6CC62100614104 /* BatonFilterButton.swift in Sources */ = {isa = PBXBuildFile; fileRef = 20CFB61E2D6CC62100614104 /* BatonFilterButton.swift */; };
		20CFB6212D6CC8EE00614104 /* ShowBatonsViewController.swift in Sources */ = {isa = PBXBuildFile; fileRef = 20CFB6202D6CC8EE00614104 /* ShowBatonsViewController.swift */; };
		20CFB6242D6DF42700614104 /* ShowBatonsViewModel.swift in Sources */ = {isa = PBXBuildFile; fileRef = 20CFB6232D6DF42700614104 /* ShowBatonsViewModel.swift */; };
		20CFB6312D6F4A3E00614104 /* CategoryButton.swift in Sources */ = {isa = PBXBuildFile; fileRef = 20CFB6302D6F4A3E00614104 /* CategoryButton.swift */; };
		20CFB6332D6F4D7100614104 /* BatonApplyViewController.swift in Sources */ = {isa = PBXBuildFile; fileRef = 20CFB6322D6F4D7100614104 /* BatonApplyViewController.swift */; };
		20CFB6362D6F4E1500614104 /* BatonNavigationConfigurable.swift in Sources */ = {isa = PBXBuildFile; fileRef = 20CFB6352D6F4E1500614104 /* BatonNavigationConfigurable.swift */; };
		20CFB63B2D6F585C00614104 /* BatonNavigationBackButton.swift in Sources */ = {isa = PBXBuildFile; fileRef = 20CFB63A2D6F585C00614104 /* BatonNavigationBackButton.swift */; };
		20CFB63E2D6F5CDE00614104 /* BatonApplyViewModel.swift in Sources */ = {isa = PBXBuildFile; fileRef = 20CFB63D2D6F5CDE00614104 /* BatonApplyViewModel.swift */; };
		20CFB64A2D743B9900614104 /* LoginViewController.swift in Sources */ = {isa = PBXBuildFile; fileRef = 20CFB6492D743B9900614104 /* LoginViewController.swift */; };
		20CFB64C2D743BA100614104 /* LoginViewModel.swift in Sources */ = {isa = PBXBuildFile; fileRef = 20CFB64B2D743BA100614104 /* LoginViewModel.swift */; };
		20CFB64E2D743FED00614104 /* adBannerView.swift in Sources */ = {isa = PBXBuildFile; fileRef = 20CFB64D2D743FED00614104 /* adBannerView.swift */; };
		20CFB6502D743FF500614104 /* HomeViewModel.swift in Sources */ = {isa = PBXBuildFile; fileRef = 20CFB64F2D743FF500614104 /* HomeViewModel.swift */; };
/* End PBXBuildFile section */

/* Begin PBXContainerItemProxy section */
		20535D262D5B916600E4904E /* PBXContainerItemProxy */ = {
			isa = PBXContainerItemProxy;
			containerPortal = 20535D072D5B916400E4904E /* Project object */;
			proxyType = 1;
			remoteGlobalIDString = 20535D0E2D5B916400E4904E;
			remoteInfo = Baton;
		};
		20535D302D5B916600E4904E /* PBXContainerItemProxy */ = {
			isa = PBXContainerItemProxy;
			containerPortal = 20535D072D5B916400E4904E /* Project object */;
			proxyType = 1;
			remoteGlobalIDString = 20535D0E2D5B916400E4904E;
			remoteInfo = Baton;
		};
/* End PBXContainerItemProxy section */

/* Begin PBXFileReference section */
		20535D0F2D5B916400E4904E /* Baton.app */ = {isa = PBXFileReference; explicitFileType = wrapper.application; includeInIndex = 0; path = Baton.app; sourceTree = BUILT_PRODUCTS_DIR; };
		20535D122D5B916400E4904E /* AppDelegate.swift */ = {isa = PBXFileReference; lastKnownFileType = sourcecode.swift; path = AppDelegate.swift; sourceTree = "<group>"; };
		20535D142D5B916400E4904E /* SceneDelegate.swift */ = {isa = PBXFileReference; lastKnownFileType = sourcecode.swift; path = SceneDelegate.swift; sourceTree = "<group>"; };
		20535D162D5B916400E4904E /* BaseViewController.swift */ = {isa = PBXFileReference; lastKnownFileType = sourcecode.swift; path = BaseViewController.swift; sourceTree = "<group>"; };
		20535D192D5B916400E4904E /* Base */ = {isa = PBXFileReference; lastKnownFileType = file.storyboard; name = Base; path = Base.lproj/Main.storyboard; sourceTree = "<group>"; };
		20535D1B2D5B916600E4904E /* Assets.xcassets */ = {isa = PBXFileReference; lastKnownFileType = folder.assetcatalog; path = Assets.xcassets; sourceTree = "<group>"; };
		20535D1E2D5B916600E4904E /* Base */ = {isa = PBXFileReference; lastKnownFileType = file.storyboard; name = Base; path = Base.lproj/LaunchScreen.storyboard; sourceTree = "<group>"; };
		20535D202D5B916600E4904E /* Info.plist */ = {isa = PBXFileReference; lastKnownFileType = text.plist.xml; path = Info.plist; sourceTree = "<group>"; };
		20535D252D5B916600E4904E /* BatonTests.xctest */ = {isa = PBXFileReference; explicitFileType = wrapper.cfbundle; includeInIndex = 0; path = BatonTests.xctest; sourceTree = BUILT_PRODUCTS_DIR; };
		20535D292D5B916600E4904E /* BatonTests.swift */ = {isa = PBXFileReference; lastKnownFileType = sourcecode.swift; path = BatonTests.swift; sourceTree = "<group>"; };
		20535D2F2D5B916600E4904E /* BatonUITests.xctest */ = {isa = PBXFileReference; explicitFileType = wrapper.cfbundle; includeInIndex = 0; path = BatonUITests.xctest; sourceTree = BUILT_PRODUCTS_DIR; };
		20535D332D5B916600E4904E /* BatonUITests.swift */ = {isa = PBXFileReference; lastKnownFileType = sourcecode.swift; path = BatonUITests.swift; sourceTree = "<group>"; };
		20535D352D5B916600E4904E /* BatonUITestsLaunchTests.swift */ = {isa = PBXFileReference; lastKnownFileType = sourcecode.swift; path = BatonUITestsLaunchTests.swift; sourceTree = "<group>"; };
		20535D4A2D5B926000E4904E /* BasicButton.swift */ = {isa = PBXFileReference; lastKnownFileType = sourcecode.swift; path = BasicButton.swift; sourceTree = "<group>"; };
		20535D4D2D60AED400E4904E /* HomeViewController.swift */ = {isa = PBXFileReference; lastKnownFileType = sourcecode.swift; path = HomeViewController.swift; sourceTree = "<group>"; };
		20535D4F2D60B55A00E4904E /* UIFont+DesignSystem.swift */ = {isa = PBXFileReference; lastKnownFileType = sourcecode.swift; path = "UIFont+DesignSystem.swift"; sourceTree = "<group>"; };
		20535D532D60C08400E4904E /* Pretendard-Medium.otf */ = {isa = PBXFileReference; lastKnownFileType = file; path = "Pretendard-Medium.otf"; sourceTree = "<group>"; };
		20535D542D60C08400E4904E /* Pretendard-ExtraLight.otf */ = {isa = PBXFileReference; lastKnownFileType = file; path = "Pretendard-ExtraLight.otf"; sourceTree = "<group>"; };
		20535D552D60C08400E4904E /* Pretendard-Light.otf */ = {isa = PBXFileReference; lastKnownFileType = file; path = "Pretendard-Light.otf"; sourceTree = "<group>"; };
		20535D562D60C08400E4904E /* Pretendard-Black.otf */ = {isa = PBXFileReference; lastKnownFileType = file; path = "Pretendard-Black.otf"; sourceTree = "<group>"; };
		20535D572D60C08400E4904E /* Pretendard-Regular.otf */ = {isa = PBXFileReference; lastKnownFileType = file; path = "Pretendard-Regular.otf"; sourceTree = "<group>"; };
		20535D582D60C08400E4904E /* Pretendard-ExtraBold.otf */ = {isa = PBXFileReference; lastKnownFileType = file; path = "Pretendard-ExtraBold.otf"; sourceTree = "<group>"; };
		20535D592D60C08400E4904E /* Pretendard-Bold.otf */ = {isa = PBXFileReference; lastKnownFileType = file; path = "Pretendard-Bold.otf"; sourceTree = "<group>"; };
		20535D5A2D60C08500E4904E /* Pretendard-SemiBold.otf */ = {isa = PBXFileReference; lastKnownFileType = file; path = "Pretendard-SemiBold.otf"; sourceTree = "<group>"; };
		20535D5B2D60C14F00E4904E /* Pretendard-Thin.otf */ = {isa = PBXFileReference; lastKnownFileType = file; path = "Pretendard-Thin.otf"; sourceTree = "<group>"; };
		20535D5D2D60C32B00E4904E /* UILabel+DesignSystem.swift */ = {isa = PBXFileReference; lastKnownFileType = sourcecode.swift; path = "UILabel+DesignSystem.swift"; sourceTree = "<group>"; };
		20535D602D60C40800E4904E /* UIButton+DesignSystem.swift */ = {isa = PBXFileReference; lastKnownFileType = sourcecode.swift; path = "UIButton+DesignSystem.swift"; sourceTree = "<group>"; };
		20535D642D60C77500E4904E /* CornerRadius.swift */ = {isa = PBXFileReference; lastKnownFileType = sourcecode.swift; path = CornerRadius.swift; sourceTree = "<group>"; };
		20535D662D60C7A200E4904E /* Spacing.swift */ = {isa = PBXFileReference; lastKnownFileType = sourcecode.swift; path = Spacing.swift; sourceTree = "<group>"; };
		20535D682D60C80300E4904E /* ButtonSize.swift */ = {isa = PBXFileReference; lastKnownFileType = sourcecode.swift; path = ButtonSize.swift; sourceTree = "<group>"; };
		20535D6A2D60D5C700E4904E /* PartnerRegistrationViewController.swift */ = {isa = PBXFileReference; lastKnownFileType = sourcecode.swift; path = PartnerRegistrationViewController.swift; sourceTree = "<group>"; };
		20535D722D60DDE700E4904E /* BaseContent.swift */ = {isa = PBXFileReference; lastKnownFileType = sourcecode.swift; path = BaseContent.swift; sourceTree = "<group>"; };
		20535D782D60ED7700E4904E /* CheckProfileView.swift */ = {isa = PBXFileReference; lastKnownFileType = sourcecode.swift; path = CheckProfileView.swift; sourceTree = "<group>"; };
		20535D7A2D60EDBC00E4904E /* EmployeeStatusView.swift */ = {isa = PBXFileReference; lastKnownFileType = sourcecode.swift; path = EmployeeStatusView.swift; sourceTree = "<group>"; };
		20535D7C2D60EEDE00E4904E /* JobInfoView.swift */ = {isa = PBXFileReference; lastKnownFileType = sourcecode.swift; path = JobInfoView.swift; sourceTree = "<group>"; };
		20535D7E2D60EEEA00E4904E /* ChatScheduleView.swift */ = {isa = PBXFileReference; lastKnownFileType = sourcecode.swift; path = ChatScheduleView.swift; sourceTree = "<group>"; };
		20535D802D60EEF900E4904E /* SelfIntroductionView.swift */ = {isa = PBXFileReference; lastKnownFileType = sourcecode.swift; path = SelfIntroductionView.swift; sourceTree = "<group>"; };
		20535D822D60EF8A00E4904E /* PartnerRegistrationViewModel.swift */ = {isa = PBXFileReference; lastKnownFileType = sourcecode.swift; path = PartnerRegistrationViewModel.swift; sourceTree = "<group>"; };
		20535D8D2D61040F00E4904E /* SelectionButton.swift */ = {isa = PBXFileReference; lastKnownFileType = sourcecode.swift; path = SelectionButton.swift; sourceTree = "<group>"; };
		20535D8F2D61042F00E4904E /* SelectionModal.swift */ = {isa = PBXFileReference; lastKnownFileType = sourcecode.swift; path = SelectionModal.swift; sourceTree = "<group>"; };
		20535D912D6104C700E4904E /* UIView+Extensions.swift */ = {isa = PBXFileReference; lastKnownFileType = sourcecode.swift; path = "UIView+Extensions.swift"; sourceTree = "<group>"; };
		20BCD0DB2D611EE4000213AF /* SelectionTitleLabel.swift */ = {isa = PBXFileReference; lastKnownFileType = sourcecode.swift; path = SelectionTitleLabel.swift; sourceTree = "<group>"; };
		20BCD0E12D6126FA000213AF /* BasicTextField.swift */ = {isa = PBXFileReference; lastKnownFileType = sourcecode.swift; path = BasicTextField.swift; sourceTree = "<group>"; };
		20BCD0E32D612B5E000213AF /* JobCategory.swift */ = {isa = PBXFileReference; lastKnownFileType = sourcecode.swift; path = JobCategory.swift; sourceTree = "<group>"; };
		20BCD0E52D612BEF000213AF /* ExperienceYears.swift */ = {isa = PBXFileReference; lastKnownFileType = sourcecode.swift; path = ExperienceYears.swift; sourceTree = "<group>"; };
		20BCD0EC2D61DEE4000213AF /* BaseTextView.swift */ = {isa = PBXFileReference; lastKnownFileType = sourcecode.swift; path = BaseTextView.swift; sourceTree = "<group>"; };
		20BCD0EE2D6240FB000213AF /* SuccessViewController.swift */ = {isa = PBXFileReference; lastKnownFileType = sourcecode.swift; path = SuccessViewController.swift; sourceTree = "<group>"; };
		20BCD0F02D67655E000213AF /* ModalHeaderView.swift */ = {isa = PBXFileReference; lastKnownFileType = sourcecode.swift; path = ModalHeaderView.swift; sourceTree = "<group>"; };
		20BCD0F22D67711D000213AF /* ScheduleSelectionModal.swift */ = {isa = PBXFileReference; lastKnownFileType = sourcecode.swift; path = ScheduleSelectionModal.swift; sourceTree = "<group>"; };
		20BCD0F42D688C52000213AF /* MulitSelectButton.swift */ = {isa = PBXFileReference; lastKnownFileType = sourcecode.swift; path = MulitSelectButton.swift; sourceTree = "<group>"; };
		20BCD0F62D68906C000213AF /* ScheduleSelectionModalViewModel.swift */ = {isa = PBXFileReference; lastKnownFileType = sourcecode.swift; path = ScheduleSelectionModalViewModel.swift; sourceTree = "<group>"; };
		20BCD0F92D68BB05000213AF /* CustomTimePickerButton.swift */ = {isa = PBXFileReference; lastKnownFileType = sourcecode.swift; path = CustomTimePickerButton.swift; sourceTree = "<group>"; };
		20CFB60A2D68D0F300614104 /* ModalTransitioningDelegate.swift */ = {isa = PBXFileReference; lastKnownFileType = sourcecode.swift; path = ModalTransitioningDelegate.swift; sourceTree = "<group>"; };
		20CFB60C2D6B509500614104 /* BatonTabBarController.swift */ = {isa = PBXFileReference; lastKnownFileType = sourcecode.swift; path = BatonTabBarController.swift; sourceTree = "<group>"; };
		20CFB60E2D6B50E800614104 /* BatonTabBar.swift */ = {isa = PBXFileReference; lastKnownFileType = sourcecode.swift; path = BatonTabBar.swift; sourceTree = "<group>"; };
		20CFB6102D6C8AE400614104 /* MyPageViewController.swift */ = {isa = PBXFileReference; lastKnownFileType = sourcecode.swift; path = MyPageViewController.swift; sourceTree = "<group>"; };
		20CFB6122D6C8B6C00614104 /* MyBatonViewController.swift */ = {isa = PBXFileReference; lastKnownFileType = sourcecode.swift; path = MyBatonViewController.swift; sourceTree = "<group>"; };
		20CFB6142D6CA7AD00614104 /* UIViewController.swift */ = {isa = PBXFileReference; lastKnownFileType = sourcecode.swift; path = UIViewController.swift; sourceTree = "<group>"; };
		20CFB6162D6CB2DB00614104 /* BatonTimeView.swift */ = {isa = PBXFileReference; lastKnownFileType = sourcecode.swift; path = BatonTimeView.swift; sourceTree = "<group>"; };
		20CFB6182D6CB94900614104 /* BatonProfileView.swift */ = {isa = PBXFileReference; lastKnownFileType = sourcecode.swift; path = BatonProfileView.swift; sourceTree = "<group>"; };
		20CFB61A2D6CBF1000614104 /* BatonTag.swift */ = {isa = PBXFileReference; lastKnownFileType = sourcecode.swift; path = BatonTag.swift; sourceTree = "<group>"; };
		20CFB61E2D6CC62100614104 /* BatonFilterButton.swift */ = {isa = PBXFileReference; lastKnownFileType = sourcecode.swift; path = BatonFilterButton.swift; sourceTree = "<group>"; };
		20CFB6202D6CC8EE00614104 /* ShowBatonsViewController.swift */ = {isa = PBXFileReference; lastKnownFileType = sourcecode.swift; path = ShowBatonsViewController.swift; sourceTree = "<group>"; };
		20CFB6232D6DF42700614104 /* ShowBatonsViewModel.swift */ = {isa = PBXFileReference; lastKnownFileType = sourcecode.swift; path = ShowBatonsViewModel.swift; sourceTree = "<group>"; };
		20CFB6302D6F4A3E00614104 /* CategoryButton.swift */ = {isa = PBXFileReference; lastKnownFileType = sourcecode.swift; path = CategoryButton.swift; sourceTree = "<group>"; };
		20CFB6322D6F4D7100614104 /* BatonApplyViewController.swift */ = {isa = PBXFileReference; lastKnownFileType = sourcecode.swift; path = BatonApplyViewController.swift; sourceTree = "<group>"; };
		20CFB6352D6F4E1500614104 /* BatonNavigationConfigurable.swift */ = {isa = PBXFileReference; lastKnownFileType = sourcecode.swift; path = BatonNavigationConfigurable.swift; sourceTree = "<group>"; };
		20CFB63A2D6F585C00614104 /* BatonNavigationBackButton.swift */ = {isa = PBXFileReference; lastKnownFileType = sourcecode.swift; path = BatonNavigationBackButton.swift; sourceTree = "<group>"; };
		20CFB63D2D6F5CDE00614104 /* BatonApplyViewModel.swift */ = {isa = PBXFileReference; lastKnownFileType = sourcecode.swift; path = BatonApplyViewModel.swift; sourceTree = "<group>"; };
		20CFB6492D743B9900614104 /* LoginViewController.swift */ = {isa = PBXFileReference; lastKnownFileType = sourcecode.swift; path = LoginViewController.swift; sourceTree = "<group>"; };
		20CFB64B2D743BA100614104 /* LoginViewModel.swift */ = {isa = PBXFileReference; lastKnownFileType = sourcecode.swift; path = LoginViewModel.swift; sourceTree = "<group>"; };
		20CFB64D2D743FED00614104 /* adBannerView.swift */ = {isa = PBXFileReference; fileEncoding = 4; lastKnownFileType = sourcecode.swift; path = adBannerView.swift; sourceTree = "<group>"; };
		20CFB64F2D743FF500614104 /* HomeViewModel.swift */ = {isa = PBXFileReference; fileEncoding = 4; lastKnownFileType = sourcecode.swift; path = HomeViewModel.swift; sourceTree = "<group>"; };
/* End PBXFileReference section */

/* Begin PBXFrameworksBuildPhase section */
		20535D0C2D5B916400E4904E /* Frameworks */ = {
			isa = PBXFrameworksBuildPhase;
			buildActionMask = 2147483647;
			files = (
			);
			runOnlyForDeploymentPostprocessing = 0;
		};
		20535D222D5B916600E4904E /* Frameworks */ = {
			isa = PBXFrameworksBuildPhase;
			buildActionMask = 2147483647;
			files = (
			);
			runOnlyForDeploymentPostprocessing = 0;
		};
		20535D2C2D5B916600E4904E /* Frameworks */ = {
			isa = PBXFrameworksBuildPhase;
			buildActionMask = 2147483647;
			files = (
			);
			runOnlyForDeploymentPostprocessing = 0;
		};
/* End PBXFrameworksBuildPhase section */

/* Begin PBXGroup section */
		20535D062D5B916400E4904E = {
			isa = PBXGroup;
			children = (
				20535D112D5B916400E4904E /* Baton */,
				20535D282D5B916600E4904E /* BatonTests */,
				20535D322D5B916600E4904E /* BatonUITests */,
				20535D102D5B916400E4904E /* Products */,
			);
			sourceTree = "<group>";
		};
		20535D102D5B916400E4904E /* Products */ = {
			isa = PBXGroup;
			children = (
				20535D0F2D5B916400E4904E /* Baton.app */,
				20535D252D5B916600E4904E /* BatonTests.xctest */,
				20535D2F2D5B916600E4904E /* BatonUITests.xctest */,
			);
			name = Products;
			sourceTree = "<group>";
		};
		20535D112D5B916400E4904E /* Baton */ = {
			isa = PBXGroup;
			children = (
				20535D202D5B916600E4904E /* Info.plist */,
				20535D5C2D60C17000E4904E /* Source */,
				20535D512D60C02D00E4904E /* Resource */,
				20535D182D5B916400E4904E /* Main.storyboard */,
				20535D1D2D5B916600E4904E /* LaunchScreen.storyboard */,
			);
			path = Baton;
			sourceTree = "<group>";
		};
		20535D282D5B916600E4904E /* BatonTests */ = {
			isa = PBXGroup;
			children = (
				20535D292D5B916600E4904E /* BatonTests.swift */,
			);
			path = BatonTests;
			sourceTree = "<group>";
		};
		20535D322D5B916600E4904E /* BatonUITests */ = {
			isa = PBXGroup;
			children = (
				20535D332D5B916600E4904E /* BatonUITests.swift */,
				20535D352D5B916600E4904E /* BatonUITestsLaunchTests.swift */,
			);
			path = BatonUITests;
			sourceTree = "<group>";
		};
		20535D442D5B91CA00E4904E /* Presentation */ = {
			isa = PBXGroup;
			children = (
				20CFB6482D743B8200614104 /* Login */,
				20CFB63C2D6F58F500614104 /* TabBar */,
				20CFB62A2D6DFDD200614104 /* MyPage */,
				20CFB6222D6DF40000614104 /* MyBaton */,
				20535D6D2D60D8B100E4904E /* Home */,
				20535D6C2D60D89F00E4904E /* PartnerRegistration */,
				20535D472D5B922D00E4904E /* Common */,
			);
			path = Presentation;
			sourceTree = "<group>";
		};
		20535D472D5B922D00E4904E /* Common */ = {
			isa = PBXGroup;
			children = (
				20BCD0E32D612B5E000213AF /* JobCategory.swift */,
				20BCD0E52D612BEF000213AF /* ExperienceYears.swift */,
				20535D912D6104C700E4904E /* UIView+Extensions.swift */,
				20535D5F2D60C34300E4904E /* DesignSystem */,
				20CFB6392D6F584400614104 /* Navigation */,
				20535D4C2D5B926900E4904E /* Components */,
			);
			path = Common;
			sourceTree = "<group>";
		};
		20535D4C2D5B926900E4904E /* Components */ = {
			isa = PBXGroup;
			children = (
				20CFB6282D6DFD8B00614104 /* View */,
				20CFB6272D6DFD3200614104 /* Modal */,
				20CFB6262D6DFD0D00614104 /* Button */,
				20CFB6252D6DFCF300614104 /* ViewController */,
			);
			path = Components;
			sourceTree = "<group>";
		};
		20535D512D60C02D00E4904E /* Resource */ = {
			isa = PBXGroup;
			children = (
				20535D1B2D5B916600E4904E /* Assets.xcassets */,
				20535D522D60C06000E4904E /* Fonts */,
			);
			path = Resource;
			sourceTree = "<group>";
		};
		20535D522D60C06000E4904E /* Fonts */ = {
			isa = PBXGroup;
			children = (
				20535D562D60C08400E4904E /* Pretendard-Black.otf */,
				20535D582D60C08400E4904E /* Pretendard-ExtraBold.otf */,
				20535D592D60C08400E4904E /* Pretendard-Bold.otf */,
				20535D5A2D60C08500E4904E /* Pretendard-SemiBold.otf */,
				20535D532D60C08400E4904E /* Pretendard-Medium.otf */,
				20535D572D60C08400E4904E /* Pretendard-Regular.otf */,
				20535D552D60C08400E4904E /* Pretendard-Light.otf */,
				20535D542D60C08400E4904E /* Pretendard-ExtraLight.otf */,
				20535D5B2D60C14F00E4904E /* Pretendard-Thin.otf */,
			);
			path = Fonts;
			sourceTree = "<group>";
		};
		20535D5C2D60C17000E4904E /* Source */ = {
			isa = PBXGroup;
			children = (
				20CFB62D2D6F45CA00614104 /* Test */,
				20535D122D5B916400E4904E /* AppDelegate.swift */,
				20535D142D5B916400E4904E /* SceneDelegate.swift */,
				20535D442D5B91CA00E4904E /* Presentation */,
			);
			path = Source;
			sourceTree = "<group>";
		};
		20535D5F2D60C34300E4904E /* DesignSystem */ = {
			isa = PBXGroup;
			children = (
				20535D642D60C77500E4904E /* CornerRadius.swift */,
				20535D662D60C7A200E4904E /* Spacing.swift */,
				20535D682D60C80300E4904E /* ButtonSize.swift */,
				20535D4F2D60B55A00E4904E /* UIFont+DesignSystem.swift */,
				20535D5D2D60C32B00E4904E /* UILabel+DesignSystem.swift */,
				20535D602D60C40800E4904E /* UIButton+DesignSystem.swift */,
				20CFB60A2D68D0F300614104 /* ModalTransitioningDelegate.swift */,
				20CFB6142D6CA7AD00614104 /* UIViewController.swift */,
			);
			path = DesignSystem;
			sourceTree = "<group>";
		};
		20535D6C2D60D89F00E4904E /* PartnerRegistration */ = {
			isa = PBXGroup;
			children = (
				20535D6A2D60D5C700E4904E /* PartnerRegistrationViewController.swift */,
				20535D822D60EF8A00E4904E /* PartnerRegistrationViewModel.swift */,
				20535D932D610DB700E4904E /* View */,
			);
			path = PartnerRegistration;
			sourceTree = "<group>";
		};
		20535D6D2D60D8B100E4904E /* Home */ = {
			isa = PBXGroup;
			children = (
				20CFB64F2D743FF500614104 /* HomeViewModel.swift */,
				20CFB64D2D743FED00614104 /* adBannerView.swift */,
				20535D4D2D60AED400E4904E /* HomeViewController.swift */,
			);
			path = Home;
			sourceTree = "<group>";
		};
		20535D932D610DB700E4904E /* View */ = {
			isa = PBXGroup;
			children = (
				20535D782D60ED7700E4904E /* CheckProfileView.swift */,
				20535D7A2D60EDBC00E4904E /* EmployeeStatusView.swift */,
				20535D7C2D60EEDE00E4904E /* JobInfoView.swift */,
				20BCD0F82D68BA30000213AF /* ChatSchedule */,
				20535D802D60EEF900E4904E /* SelfIntroductionView.swift */,
			);
			path = View;
			sourceTree = "<group>";
		};
		20BCD0F82D68BA30000213AF /* ChatSchedule */ = {
			isa = PBXGroup;
			children = (
				20535D7E2D60EEEA00E4904E /* ChatScheduleView.swift */,
				20BCD0F22D67711D000213AF /* ScheduleSelectionModal.swift */,
				20BCD0F62D68906C000213AF /* ScheduleSelectionModalViewModel.swift */,
				20BCD0F92D68BB05000213AF /* CustomTimePickerButton.swift */,
			);
			path = ChatSchedule;
			sourceTree = "<group>";
		};
		20CFB6222D6DF40000614104 /* MyBaton */ = {
			isa = PBXGroup;
			children = (
				20CFB6122D6C8B6C00614104 /* MyBatonViewController.swift */,
				20CFB6202D6CC8EE00614104 /* ShowBatonsViewController.swift */,
				20CFB6232D6DF42700614104 /* ShowBatonsViewModel.swift */,
				20CFB6322D6F4D7100614104 /* BatonApplyViewController.swift */,
				20CFB63D2D6F5CDE00614104 /* BatonApplyViewModel.swift */,
			);
			path = MyBaton;
			sourceTree = "<group>";
		};
		20CFB6252D6DFCF300614104 /* ViewController */ = {
			isa = PBXGroup;
			children = (
				20BCD0EE2D6240FB000213AF /* SuccessViewController.swift */,
				20535D162D5B916400E4904E /* BaseViewController.swift */,
				20535D722D60DDE700E4904E /* BaseContent.swift */,
			);
			path = ViewController;
			sourceTree = "<group>";
		};
		20CFB6262D6DFD0D00614104 /* Button */ = {
			isa = PBXGroup;
			children = (
				20535D8D2D61040F00E4904E /* SelectionButton.swift */,
				20BCD0F42D688C52000213AF /* MulitSelectButton.swift */,
				20CFB61E2D6CC62100614104 /* BatonFilterButton.swift */,
				20535D4A2D5B926000E4904E /* BasicButton.swift */,
				20CFB6302D6F4A3E00614104 /* CategoryButton.swift */,
			);
			path = Button;
			sourceTree = "<group>";
		};
		20CFB6272D6DFD3200614104 /* Modal */ = {
			isa = PBXGroup;
			children = (
				20535D8F2D61042F00E4904E /* SelectionModal.swift */,
				20BCD0F02D67655E000213AF /* ModalHeaderView.swift */,
			);
			path = Modal;
			sourceTree = "<group>";
		};
		20CFB6282D6DFD8B00614104 /* View */ = {
			isa = PBXGroup;
			children = (
				20BCD0E12D6126FA000213AF /* BasicTextField.swift */,
				20BCD0EC2D61DEE4000213AF /* BaseTextView.swift */,
				20BCD0DB2D611EE4000213AF /* SelectionTitleLabel.swift */,
				20CFB61A2D6CBF1000614104 /* BatonTag.swift */,
				20CFB6162D6CB2DB00614104 /* BatonTimeView.swift */,
				20CFB6182D6CB94900614104 /* BatonProfileView.swift */,
			);
			path = View;
			sourceTree = "<group>";
		};
		20CFB62A2D6DFDD200614104 /* MyPage */ = {
			isa = PBXGroup;
			children = (
				20CFB6102D6C8AE400614104 /* MyPageViewController.swift */,
			);
			path = MyPage;
			sourceTree = "<group>";
		};
		20CFB62D2D6F45CA00614104 /* Test */ = {
			isa = PBXGroup;
			children = (
			);
			path = Test;
			sourceTree = "<group>";
		};
		20CFB6392D6F584400614104 /* Navigation */ = {
			isa = PBXGroup;
			children = (
				20CFB6352D6F4E1500614104 /* BatonNavigationConfigurable.swift */,
				20CFB63A2D6F585C00614104 /* BatonNavigationBackButton.swift */,
			);
			path = Navigation;
			sourceTree = "<group>";
		};
		20CFB63C2D6F58F500614104 /* TabBar */ = {
			isa = PBXGroup;
			children = (
				20CFB60C2D6B509500614104 /* BatonTabBarController.swift */,
				20CFB60E2D6B50E800614104 /* BatonTabBar.swift */,
			);
			path = TabBar;
			sourceTree = "<group>";
		};
		20CFB6482D743B8200614104 /* Login */ = {
			isa = PBXGroup;
			children = (
				20CFB6492D743B9900614104 /* LoginViewController.swift */,
				20CFB64B2D743BA100614104 /* LoginViewModel.swift */,
			);
			path = Login;
			sourceTree = "<group>";
		};
/* End PBXGroup section */

/* Begin PBXNativeTarget section */
		20535D0E2D5B916400E4904E /* Baton */ = {
			isa = PBXNativeTarget;
			buildConfigurationList = 20535D392D5B916600E4904E /* Build configuration list for PBXNativeTarget "Baton" */;
			buildPhases = (
				20535D0B2D5B916400E4904E /* Sources */,
				20535D0C2D5B916400E4904E /* Frameworks */,
				20535D0D2D5B916400E4904E /* Resources */,
			);
			buildRules = (
			);
			dependencies = (
			);
			name = Baton;
			productName = Baton;
			productReference = 20535D0F2D5B916400E4904E /* Baton.app */;
			productType = "com.apple.product-type.application";
		};
		20535D242D5B916600E4904E /* BatonTests */ = {
			isa = PBXNativeTarget;
			buildConfigurationList = 20535D3C2D5B916600E4904E /* Build configuration list for PBXNativeTarget "BatonTests" */;
			buildPhases = (
				20535D212D5B916600E4904E /* Sources */,
				20535D222D5B916600E4904E /* Frameworks */,
				20535D232D5B916600E4904E /* Resources */,
			);
			buildRules = (
			);
			dependencies = (
				20535D272D5B916600E4904E /* PBXTargetDependency */,
			);
			name = BatonTests;
			productName = BatonTests;
			productReference = 20535D252D5B916600E4904E /* BatonTests.xctest */;
			productType = "com.apple.product-type.bundle.unit-test";
		};
		20535D2E2D5B916600E4904E /* BatonUITests */ = {
			isa = PBXNativeTarget;
			buildConfigurationList = 20535D3F2D5B916600E4904E /* Build configuration list for PBXNativeTarget "BatonUITests" */;
			buildPhases = (
				20535D2B2D5B916600E4904E /* Sources */,
				20535D2C2D5B916600E4904E /* Frameworks */,
				20535D2D2D5B916600E4904E /* Resources */,
			);
			buildRules = (
			);
			dependencies = (
				20535D312D5B916600E4904E /* PBXTargetDependency */,
			);
			name = BatonUITests;
			productName = BatonUITests;
			productReference = 20535D2F2D5B916600E4904E /* BatonUITests.xctest */;
			productType = "com.apple.product-type.bundle.ui-testing";
		};
/* End PBXNativeTarget section */

/* Begin PBXProject section */
		20535D072D5B916400E4904E /* Project object */ = {
			isa = PBXProject;
			attributes = {
				BuildIndependentTargetsInParallel = 1;
				LastSwiftUpdateCheck = 1540;
				LastUpgradeCheck = 1540;
				TargetAttributes = {
					20535D0E2D5B916400E4904E = {
						CreatedOnToolsVersion = 15.4;
					};
					20535D242D5B916600E4904E = {
						CreatedOnToolsVersion = 15.4;
						TestTargetID = 20535D0E2D5B916400E4904E;
					};
					20535D2E2D5B916600E4904E = {
						CreatedOnToolsVersion = 15.4;
						TestTargetID = 20535D0E2D5B916400E4904E;
					};
				};
			};
			buildConfigurationList = 20535D0A2D5B916400E4904E /* Build configuration list for PBXProject "Baton" */;
			compatibilityVersion = "Xcode 14.0";
			developmentRegion = en;
			hasScannedForEncodings = 0;
			knownRegions = (
				en,
				Base,
			);
			mainGroup = 20535D062D5B916400E4904E;
			productRefGroup = 20535D102D5B916400E4904E /* Products */;
			projectDirPath = "";
			projectRoot = "";
			targets = (
				20535D0E2D5B916400E4904E /* Baton */,
				20535D242D5B916600E4904E /* BatonTests */,
				20535D2E2D5B916600E4904E /* BatonUITests */,
			);
		};
/* End PBXProject section */

/* Begin PBXResourcesBuildPhase section */
		20535D0D2D5B916400E4904E /* Resources */ = {
			isa = PBXResourcesBuildPhase;
			buildActionMask = 2147483647;
			files = (
				20535D852D60FD7C00E4904E /* Pretendard-ExtraBold.otf in Resources */,
				20535D862D60FD7C00E4904E /* Pretendard-Thin.otf in Resources */,
				20535D872D60FD7C00E4904E /* Pretendard-SemiBold.otf in Resources */,
				20535D882D60FD7C00E4904E /* Pretendard-Bold.otf in Resources */,
				20535D892D60FD7C00E4904E /* Pretendard-Medium.otf in Resources */,
				20535D8A2D60FD7C00E4904E /* Pretendard-Light.otf in Resources */,
				20535D8B2D60FD7C00E4904E /* Pretendard-Regular.otf in Resources */,
				20535D8C2D60FD7C00E4904E /* Pretendard-ExtraLight.otf in Resources */,
				20535D1C2D5B916600E4904E /* Assets.xcassets in Resources */,
				20535D1F2D5B916600E4904E /* Base in Resources */,
				20535D842D60FD7800E4904E /* Pretendard-Black.otf in Resources */,
				20535D1A2D5B916400E4904E /* Base in Resources */,
			);
			runOnlyForDeploymentPostprocessing = 0;
		};
		20535D232D5B916600E4904E /* Resources */ = {
			isa = PBXResourcesBuildPhase;
			buildActionMask = 2147483647;
			files = (
			);
			runOnlyForDeploymentPostprocessing = 0;
		};
		20535D2D2D5B916600E4904E /* Resources */ = {
			isa = PBXResourcesBuildPhase;
			buildActionMask = 2147483647;
			files = (
			);
			runOnlyForDeploymentPostprocessing = 0;
		};
/* End PBXResourcesBuildPhase section */

/* Begin PBXSourcesBuildPhase section */
		20535D0B2D5B916400E4904E /* Sources */ = {
			isa = PBXSourcesBuildPhase;
			buildActionMask = 2147483647;
			files = (
				20CFB60B2D68D0F300614104 /* ModalTransitioningDelegate.swift in Sources */,
				20CFB6172D6CB2DB00614104 /* BatonTimeView.swift in Sources */,
				20BCD0E62D612BEF000213AF /* ExperienceYears.swift in Sources */,
				20535D792D60ED7700E4904E /* CheckProfileView.swift in Sources */,
				20535D4E2D60AED400E4904E /* HomeViewController.swift in Sources */,
				20BCD0E42D612B5E000213AF /* JobCategory.swift in Sources */,
				20535D7F2D60EEEA00E4904E /* ChatScheduleView.swift in Sources */,
				20535D172D5B916400E4904E /* BaseViewController.swift in Sources */,
				20CFB64C2D743BA100614104 /* LoginViewModel.swift in Sources */,
				20535D502D60B55A00E4904E /* UIFont+DesignSystem.swift in Sources */,
				20CFB64E2D743FED00614104 /* adBannerView.swift in Sources */,
				20535D132D5B916400E4904E /* AppDelegate.swift in Sources */,
				20CFB60D2D6B509500614104 /* BatonTabBarController.swift in Sources */,
				20535D8E2D61040F00E4904E /* SelectionButton.swift in Sources */,
				20CFB6312D6F4A3E00614104 /* CategoryButton.swift in Sources */,
				20535D812D60EEF900E4904E /* SelfIntroductionView.swift in Sources */,
				20BCD0FA2D68BB05000213AF /* CustomTimePickerButton.swift in Sources */,
				20535D6B2D60D5C700E4904E /* PartnerRegistrationViewController.swift in Sources */,
				20535D4B2D5B926000E4904E /* BasicButton.swift in Sources */,
				20535D922D6104C700E4904E /* UIView+Extensions.swift in Sources */,
				20CFB60F2D6B50E800614104 /* BatonTabBar.swift in Sources */,
				20CFB6362D6F4E1500614104 /* BatonNavigationConfigurable.swift in Sources */,
				20535D832D60EF8A00E4904E /* PartnerRegistrationViewModel.swift in Sources */,
				20BCD0F12D67655E000213AF /* ModalHeaderView.swift in Sources */,
				20BCD0DC2D611EE4000213AF /* SelectionTitleLabel.swift in Sources */,
				20CFB6332D6F4D7100614104 /* BatonApplyViewController.swift in Sources */,
				20CFB61F2D6CC62100614104 /* BatonFilterButton.swift in Sources */,
				20CFB63E2D6F5CDE00614104 /* BatonApplyViewModel.swift in Sources */,
				20CFB6152D6CA7AD00614104 /* UIViewController.swift in Sources */,
				20535D612D60C40800E4904E /* UIButton+DesignSystem.swift in Sources */,
				20BCD0F32D67711D000213AF /* ScheduleSelectionModal.swift in Sources */,
				20BCD0ED2D61DEE4000213AF /* BaseTextView.swift in Sources */,
				20CFB64A2D743B9900614104 /* LoginViewController.swift in Sources */,
				20CFB6132D6C8B6C00614104 /* MyBatonViewController.swift in Sources */,
				20535D5E2D60C32B00E4904E /* UILabel+DesignSystem.swift in Sources */,
				20CFB6212D6CC8EE00614104 /* ShowBatonsViewController.swift in Sources */,
				20BCD0F72D68906C000213AF /* ScheduleSelectionModalViewModel.swift in Sources */,
				20CFB6502D743FF500614104 /* HomeViewModel.swift in Sources */,
				20CFB63B2D6F585C00614104 /* BatonNavigationBackButton.swift in Sources */,
				20CFB6192D6CB94900614104 /* BatonProfileView.swift in Sources */,
				20CFB6242D6DF42700614104 /* ShowBatonsViewModel.swift in Sources */,
				20CFB61B2D6CBF1000614104 /* BatonTag.swift in Sources */,
				20CFB6112D6C8AE400614104 /* MyPageViewController.swift in Sources */,
				20BCD0E22D6126FA000213AF /* BasicTextField.swift in Sources */,
				20535D7B2D60EDBC00E4904E /* EmployeeStatusView.swift in Sources */,
				20BCD0EF2D6240FB000213AF /* SuccessViewController.swift in Sources */,
				20535D692D60C80300E4904E /* ButtonSize.swift in Sources */,
				20BCD0F52D688C52000213AF /* MulitSelectButton.swift in Sources */,
				20535D902D61042F00E4904E /* SelectionModal.swift in Sources */,
				20535D672D60C7A200E4904E /* Spacing.swift in Sources */,
				20535D7D2D60EEDE00E4904E /* JobInfoView.swift in Sources */,
				20535D152D5B916400E4904E /* SceneDelegate.swift in Sources */,
				20535D732D60DDE700E4904E /* BaseContent.swift in Sources */,
				20535D652D60C77500E4904E /* CornerRadius.swift in Sources */,
			);
			runOnlyForDeploymentPostprocessing = 0;
		};
		20535D212D5B916600E4904E /* Sources */ = {
			isa = PBXSourcesBuildPhase;
			buildActionMask = 2147483647;
			files = (
				20535D2A2D5B916600E4904E /* BatonTests.swift in Sources */,
			);
			runOnlyForDeploymentPostprocessing = 0;
		};
		20535D2B2D5B916600E4904E /* Sources */ = {
			isa = PBXSourcesBuildPhase;
			buildActionMask = 2147483647;
			files = (
				20535D342D5B916600E4904E /* BatonUITests.swift in Sources */,
				20535D362D5B916600E4904E /* BatonUITestsLaunchTests.swift in Sources */,
			);
			runOnlyForDeploymentPostprocessing = 0;
		};
/* End PBXSourcesBuildPhase section */

/* Begin PBXTargetDependency section */
		20535D272D5B916600E4904E /* PBXTargetDependency */ = {
			isa = PBXTargetDependency;
			target = 20535D0E2D5B916400E4904E /* Baton */;
			targetProxy = 20535D262D5B916600E4904E /* PBXContainerItemProxy */;
		};
		20535D312D5B916600E4904E /* PBXTargetDependency */ = {
			isa = PBXTargetDependency;
			target = 20535D0E2D5B916400E4904E /* Baton */;
			targetProxy = 20535D302D5B916600E4904E /* PBXContainerItemProxy */;
		};
/* End PBXTargetDependency section */

/* Begin PBXVariantGroup section */
		20535D182D5B916400E4904E /* Main.storyboard */ = {
			isa = PBXVariantGroup;
			children = (
				20535D192D5B916400E4904E /* Base */,
			);
			name = Main.storyboard;
			sourceTree = "<group>";
		};
		20535D1D2D5B916600E4904E /* LaunchScreen.storyboard */ = {
			isa = PBXVariantGroup;
			children = (
				20535D1E2D5B916600E4904E /* Base */,
			);
			name = LaunchScreen.storyboard;
			sourceTree = "<group>";
		};
/* End PBXVariantGroup section */

/* Begin XCBuildConfiguration section */
		20535D372D5B916600E4904E /* Debug */ = {
			isa = XCBuildConfiguration;
			buildSettings = {
				ALWAYS_SEARCH_USER_PATHS = NO;
				ASSETCATALOG_COMPILER_GENERATE_SWIFT_ASSET_SYMBOL_EXTENSIONS = YES;
				CLANG_ANALYZER_NONNULL = YES;
				CLANG_ANALYZER_NUMBER_OBJECT_CONVERSION = YES_AGGRESSIVE;
				CLANG_CXX_LANGUAGE_STANDARD = "gnu++20";
				CLANG_ENABLE_MODULES = YES;
				CLANG_ENABLE_OBJC_ARC = YES;
				CLANG_ENABLE_OBJC_WEAK = YES;
				CLANG_WARN_BLOCK_CAPTURE_AUTORELEASING = YES;
				CLANG_WARN_BOOL_CONVERSION = YES;
				CLANG_WARN_COMMA = YES;
				CLANG_WARN_CONSTANT_CONVERSION = YES;
				CLANG_WARN_DEPRECATED_OBJC_IMPLEMENTATIONS = YES;
				CLANG_WARN_DIRECT_OBJC_ISA_USAGE = YES_ERROR;
				CLANG_WARN_DOCUMENTATION_COMMENTS = YES;
				CLANG_WARN_EMPTY_BODY = YES;
				CLANG_WARN_ENUM_CONVERSION = YES;
				CLANG_WARN_INFINITE_RECURSION = YES;
				CLANG_WARN_INT_CONVERSION = YES;
				CLANG_WARN_NON_LITERAL_NULL_CONVERSION = YES;
				CLANG_WARN_OBJC_IMPLICIT_RETAIN_SELF = YES;
				CLANG_WARN_OBJC_LITERAL_CONVERSION = YES;
				CLANG_WARN_OBJC_ROOT_CLASS = YES_ERROR;
				CLANG_WARN_QUOTED_INCLUDE_IN_FRAMEWORK_HEADER = YES;
				CLANG_WARN_RANGE_LOOP_ANALYSIS = YES;
				CLANG_WARN_STRICT_PROTOTYPES = YES;
				CLANG_WARN_SUSPICIOUS_MOVE = YES;
				CLANG_WARN_UNGUARDED_AVAILABILITY = YES_AGGRESSIVE;
				CLANG_WARN_UNREACHABLE_CODE = YES;
				CLANG_WARN__DUPLICATE_METHOD_MATCH = YES;
				COPY_PHASE_STRIP = NO;
				DEBUG_INFORMATION_FORMAT = dwarf;
				ENABLE_STRICT_OBJC_MSGSEND = YES;
				ENABLE_TESTABILITY = YES;
				ENABLE_USER_SCRIPT_SANDBOXING = YES;
				GCC_C_LANGUAGE_STANDARD = gnu17;
				GCC_DYNAMIC_NO_PIC = NO;
				GCC_NO_COMMON_BLOCKS = YES;
				GCC_OPTIMIZATION_LEVEL = 0;
				GCC_PREPROCESSOR_DEFINITIONS = (
					"DEBUG=1",
					"$(inherited)",
				);
				GCC_WARN_64_TO_32_BIT_CONVERSION = YES;
				GCC_WARN_ABOUT_RETURN_TYPE = YES_ERROR;
				GCC_WARN_UNDECLARED_SELECTOR = YES;
				GCC_WARN_UNINITIALIZED_AUTOS = YES_AGGRESSIVE;
				GCC_WARN_UNUSED_FUNCTION = YES;
				GCC_WARN_UNUSED_VARIABLE = YES;
				IPHONEOS_DEPLOYMENT_TARGET = 17.5;
				LOCALIZATION_PREFERS_STRING_CATALOGS = YES;
				MTL_ENABLE_DEBUG_INFO = INCLUDE_SOURCE;
				MTL_FAST_MATH = YES;
				ONLY_ACTIVE_ARCH = YES;
				SDKROOT = iphoneos;
				SWIFT_ACTIVE_COMPILATION_CONDITIONS = "DEBUG $(inherited)";
				SWIFT_OPTIMIZATION_LEVEL = "-Onone";
			};
			name = Debug;
		};
		20535D382D5B916600E4904E /* Release */ = {
			isa = XCBuildConfiguration;
			buildSettings = {
				ALWAYS_SEARCH_USER_PATHS = NO;
				ASSETCATALOG_COMPILER_GENERATE_SWIFT_ASSET_SYMBOL_EXTENSIONS = YES;
				CLANG_ANALYZER_NONNULL = YES;
				CLANG_ANALYZER_NUMBER_OBJECT_CONVERSION = YES_AGGRESSIVE;
				CLANG_CXX_LANGUAGE_STANDARD = "gnu++20";
				CLANG_ENABLE_MODULES = YES;
				CLANG_ENABLE_OBJC_ARC = YES;
				CLANG_ENABLE_OBJC_WEAK = YES;
				CLANG_WARN_BLOCK_CAPTURE_AUTORELEASING = YES;
				CLANG_WARN_BOOL_CONVERSION = YES;
				CLANG_WARN_COMMA = YES;
				CLANG_WARN_CONSTANT_CONVERSION = YES;
				CLANG_WARN_DEPRECATED_OBJC_IMPLEMENTATIONS = YES;
				CLANG_WARN_DIRECT_OBJC_ISA_USAGE = YES_ERROR;
				CLANG_WARN_DOCUMENTATION_COMMENTS = YES;
				CLANG_WARN_EMPTY_BODY = YES;
				CLANG_WARN_ENUM_CONVERSION = YES;
				CLANG_WARN_INFINITE_RECURSION = YES;
				CLANG_WARN_INT_CONVERSION = YES;
				CLANG_WARN_NON_LITERAL_NULL_CONVERSION = YES;
				CLANG_WARN_OBJC_IMPLICIT_RETAIN_SELF = YES;
				CLANG_WARN_OBJC_LITERAL_CONVERSION = YES;
				CLANG_WARN_OBJC_ROOT_CLASS = YES_ERROR;
				CLANG_WARN_QUOTED_INCLUDE_IN_FRAMEWORK_HEADER = YES;
				CLANG_WARN_RANGE_LOOP_ANALYSIS = YES;
				CLANG_WARN_STRICT_PROTOTYPES = YES;
				CLANG_WARN_SUSPICIOUS_MOVE = YES;
				CLANG_WARN_UNGUARDED_AVAILABILITY = YES_AGGRESSIVE;
				CLANG_WARN_UNREACHABLE_CODE = YES;
				CLANG_WARN__DUPLICATE_METHOD_MATCH = YES;
				COPY_PHASE_STRIP = NO;
				DEBUG_INFORMATION_FORMAT = "dwarf-with-dsym";
				ENABLE_NS_ASSERTIONS = NO;
				ENABLE_STRICT_OBJC_MSGSEND = YES;
				ENABLE_USER_SCRIPT_SANDBOXING = YES;
				GCC_C_LANGUAGE_STANDARD = gnu17;
				GCC_NO_COMMON_BLOCKS = YES;
				GCC_WARN_64_TO_32_BIT_CONVERSION = YES;
				GCC_WARN_ABOUT_RETURN_TYPE = YES_ERROR;
				GCC_WARN_UNDECLARED_SELECTOR = YES;
				GCC_WARN_UNINITIALIZED_AUTOS = YES_AGGRESSIVE;
				GCC_WARN_UNUSED_FUNCTION = YES;
				GCC_WARN_UNUSED_VARIABLE = YES;
				IPHONEOS_DEPLOYMENT_TARGET = 17.5;
				LOCALIZATION_PREFERS_STRING_CATALOGS = YES;
				MTL_ENABLE_DEBUG_INFO = NO;
				MTL_FAST_MATH = YES;
				SDKROOT = iphoneos;
				SWIFT_COMPILATION_MODE = wholemodule;
				VALIDATE_PRODUCT = YES;
			};
			name = Release;
		};
		20535D3A2D5B916600E4904E /* Debug */ = {
			isa = XCBuildConfiguration;
			buildSettings = {
				ASSETCATALOG_COMPILER_APPICON_NAME = AppIcon;
				ASSETCATALOG_COMPILER_GLOBAL_ACCENT_COLOR_NAME = AccentColor;
				CODE_SIGN_STYLE = Automatic;
				CURRENT_PROJECT_VERSION = 1;
				DEVELOPMENT_TEAM = 4ND496J48G;
				GENERATE_INFOPLIST_FILE = YES;
				INFOPLIST_FILE = Baton/Info.plist;
				INFOPLIST_KEY_UIApplicationSupportsIndirectInputEvents = YES;
				INFOPLIST_KEY_UILaunchStoryboardName = LaunchScreen;
				INFOPLIST_KEY_UIMainStoryboardFile = Main;
				INFOPLIST_KEY_UISupportedInterfaceOrientations_iPad = "UIInterfaceOrientationPortrait UIInterfaceOrientationPortraitUpsideDown UIInterfaceOrientationLandscapeLeft UIInterfaceOrientationLandscapeRight";
				INFOPLIST_KEY_UISupportedInterfaceOrientations_iPhone = "UIInterfaceOrientationPortrait UIInterfaceOrientationLandscapeLeft UIInterfaceOrientationLandscapeRight";
				LD_RUNPATH_SEARCH_PATHS = (
					"$(inherited)",
					"@executable_path/Frameworks",
				);
				MARKETING_VERSION = 1.0;
				PRODUCT_BUNDLE_IDENTIFIER = pky.Baton;
				PRODUCT_NAME = "$(TARGET_NAME)";
				SWIFT_EMIT_LOC_STRINGS = YES;
				SWIFT_VERSION = 5.0;
				TARGETED_DEVICE_FAMILY = "1,2";
			};
			name = Debug;
		};
		20535D3B2D5B916600E4904E /* Release */ = {
			isa = XCBuildConfiguration;
			buildSettings = {
				ASSETCATALOG_COMPILER_APPICON_NAME = AppIcon;
				ASSETCATALOG_COMPILER_GLOBAL_ACCENT_COLOR_NAME = AccentColor;
				CODE_SIGN_STYLE = Automatic;
				CURRENT_PROJECT_VERSION = 1;
				DEVELOPMENT_TEAM = 4ND496J48G;
				GENERATE_INFOPLIST_FILE = YES;
				INFOPLIST_FILE = Baton/Info.plist;
				INFOPLIST_KEY_UIApplicationSupportsIndirectInputEvents = YES;
				INFOPLIST_KEY_UILaunchStoryboardName = LaunchScreen;
				INFOPLIST_KEY_UIMainStoryboardFile = Main;
				INFOPLIST_KEY_UISupportedInterfaceOrientations_iPad = "UIInterfaceOrientationPortrait UIInterfaceOrientationPortraitUpsideDown UIInterfaceOrientationLandscapeLeft UIInterfaceOrientationLandscapeRight";
				INFOPLIST_KEY_UISupportedInterfaceOrientations_iPhone = "UIInterfaceOrientationPortrait UIInterfaceOrientationLandscapeLeft UIInterfaceOrientationLandscapeRight";
				LD_RUNPATH_SEARCH_PATHS = (
					"$(inherited)",
					"@executable_path/Frameworks",
				);
				MARKETING_VERSION = 1.0;
				PRODUCT_BUNDLE_IDENTIFIER = pky.Baton;
				PRODUCT_NAME = "$(TARGET_NAME)";
				SWIFT_EMIT_LOC_STRINGS = YES;
				SWIFT_VERSION = 5.0;
				TARGETED_DEVICE_FAMILY = "1,2";
			};
			name = Release;
		};
		20535D3D2D5B916600E4904E /* Debug */ = {
			isa = XCBuildConfiguration;
			buildSettings = {
				ALWAYS_EMBED_SWIFT_STANDARD_LIBRARIES = YES;
				BUNDLE_LOADER = "$(TEST_HOST)";
				CODE_SIGN_STYLE = Automatic;
				CURRENT_PROJECT_VERSION = 1;
				DEVELOPMENT_TEAM = 4ND496J48G;
				GENERATE_INFOPLIST_FILE = YES;
				IPHONEOS_DEPLOYMENT_TARGET = 17.5;
				MARKETING_VERSION = 1.0;
				PRODUCT_BUNDLE_IDENTIFIER = pky.BatonTests;
				PRODUCT_NAME = "$(TARGET_NAME)";
				SWIFT_EMIT_LOC_STRINGS = NO;
				SWIFT_VERSION = 5.0;
				TARGETED_DEVICE_FAMILY = "1,2";
				TEST_HOST = "$(BUILT_PRODUCTS_DIR)/Baton.app/$(BUNDLE_EXECUTABLE_FOLDER_PATH)/Baton";
			};
			name = Debug;
		};
		20535D3E2D5B916600E4904E /* Release */ = {
			isa = XCBuildConfiguration;
			buildSettings = {
				ALWAYS_EMBED_SWIFT_STANDARD_LIBRARIES = YES;
				BUNDLE_LOADER = "$(TEST_HOST)";
				CODE_SIGN_STYLE = Automatic;
				CURRENT_PROJECT_VERSION = 1;
				DEVELOPMENT_TEAM = 4ND496J48G;
				GENERATE_INFOPLIST_FILE = YES;
				IPHONEOS_DEPLOYMENT_TARGET = 17.5;
				MARKETING_VERSION = 1.0;
				PRODUCT_BUNDLE_IDENTIFIER = pky.BatonTests;
				PRODUCT_NAME = "$(TARGET_NAME)";
				SWIFT_EMIT_LOC_STRINGS = NO;
				SWIFT_VERSION = 5.0;
				TARGETED_DEVICE_FAMILY = "1,2";
				TEST_HOST = "$(BUILT_PRODUCTS_DIR)/Baton.app/$(BUNDLE_EXECUTABLE_FOLDER_PATH)/Baton";
			};
			name = Release;
		};
		20535D402D5B916600E4904E /* Debug */ = {
			isa = XCBuildConfiguration;
			buildSettings = {
				ALWAYS_EMBED_SWIFT_STANDARD_LIBRARIES = YES;
				CODE_SIGN_STYLE = Automatic;
				CURRENT_PROJECT_VERSION = 1;
				DEVELOPMENT_TEAM = 4ND496J48G;
				GENERATE_INFOPLIST_FILE = YES;
				MARKETING_VERSION = 1.0;
				PRODUCT_BUNDLE_IDENTIFIER = pky.BatonUITests;
				PRODUCT_NAME = "$(TARGET_NAME)";
				SWIFT_EMIT_LOC_STRINGS = NO;
				SWIFT_VERSION = 5.0;
				TARGETED_DEVICE_FAMILY = "1,2";
				TEST_TARGET_NAME = Baton;
			};
			name = Debug;
		};
		20535D412D5B916600E4904E /* Release */ = {
			isa = XCBuildConfiguration;
			buildSettings = {
				ALWAYS_EMBED_SWIFT_STANDARD_LIBRARIES = YES;
				CODE_SIGN_STYLE = Automatic;
				CURRENT_PROJECT_VERSION = 1;
				DEVELOPMENT_TEAM = 4ND496J48G;
				GENERATE_INFOPLIST_FILE = YES;
				MARKETING_VERSION = 1.0;
				PRODUCT_BUNDLE_IDENTIFIER = pky.BatonUITests;
				PRODUCT_NAME = "$(TARGET_NAME)";
				SWIFT_EMIT_LOC_STRINGS = NO;
				SWIFT_VERSION = 5.0;
				TARGETED_DEVICE_FAMILY = "1,2";
				TEST_TARGET_NAME = Baton;
			};
			name = Release;
		};
/* End XCBuildConfiguration section */

/* Begin XCConfigurationList section */
		20535D0A2D5B916400E4904E /* Build configuration list for PBXProject "Baton" */ = {
			isa = XCConfigurationList;
			buildConfigurations = (
				20535D372D5B916600E4904E /* Debug */,
				20535D382D5B916600E4904E /* Release */,
			);
			defaultConfigurationIsVisible = 0;
			defaultConfigurationName = Release;
		};
		20535D392D5B916600E4904E /* Build configuration list for PBXNativeTarget "Baton" */ = {
			isa = XCConfigurationList;
			buildConfigurations = (
				20535D3A2D5B916600E4904E /* Debug */,
				20535D3B2D5B916600E4904E /* Release */,
			);
			defaultConfigurationIsVisible = 0;
			defaultConfigurationName = Release;
		};
		20535D3C2D5B916600E4904E /* Build configuration list for PBXNativeTarget "BatonTests" */ = {
			isa = XCConfigurationList;
			buildConfigurations = (
				20535D3D2D5B916600E4904E /* Debug */,
				20535D3E2D5B916600E4904E /* Release */,
			);
			defaultConfigurationIsVisible = 0;
			defaultConfigurationName = Release;
		};
		20535D3F2D5B916600E4904E /* Build configuration list for PBXNativeTarget "BatonUITests" */ = {
			isa = XCConfigurationList;
			buildConfigurations = (
				20535D402D5B916600E4904E /* Debug */,
				20535D412D5B916600E4904E /* Release */,
			);
			defaultConfigurationIsVisible = 0;
			defaultConfigurationName = Release;
		};
/* End XCConfigurationList section */
	};
	rootObject = 20535D072D5B916400E4904E /* Project object */;
}
